// !$*UTF8*$!
{
	archiveVersion = 1;
	classes = {
	};
	objectVersion = 46;
	objects = {

/* Begin PBXBuildFile section */
		EA06890B1A34D53C006CD2E0 /* TabBarController.swift in Sources */ = {isa = PBXBuildFile; fileRef = EA06890A1A34D53C006CD2E0 /* TabBarController.swift */; };
		EA06890D1A34E793006CD2E0 /* KinteraHubView.swift in Sources */ = {isa = PBXBuildFile; fileRef = EA06890C1A34E793006CD2E0 /* KinteraHubView.swift */; };
		EA06890F1A34E7BA006CD2E0 /* CoreGraphics.framework in Frameworks */ = {isa = PBXBuildFile; fileRef = EA06890E1A34E7BA006CD2E0 /* CoreGraphics.framework */; };
		EA1AEEE91A71A3E900467179 /* EventDetailViewControllerEvents.swift in Sources */ = {isa = PBXBuildFile; fileRef = EA1AEEE81A71A3E900467179 /* EventDetailViewControllerEvents.swift */; };
		EA1CF9331A5F7E4300DF1777 /* Bolts.framework in Frameworks */ = {isa = PBXBuildFile; fileRef = EA1CF92E1A5F7E4300DF1777 /* Bolts.framework */; };
		EA1CF9341A5F7E4300DF1777 /* Parse.framework in Frameworks */ = {isa = PBXBuildFile; fileRef = EA1CF92F1A5F7E4300DF1777 /* Parse.framework */; };
		EA1CF9351A5F7E4300DF1777 /* ParseCrashReporting.framework in Frameworks */ = {isa = PBXBuildFile; fileRef = EA1CF9301A5F7E4300DF1777 /* ParseCrashReporting.framework */; };
		EA1CF9361A5F7E4300DF1777 /* ParseFacebookUtils.framework in Frameworks */ = {isa = PBXBuildFile; fileRef = EA1CF9311A5F7E4300DF1777 /* ParseFacebookUtils.framework */; };
		EA1CF9371A5F7E4300DF1777 /* ParseUI.framework in Frameworks */ = {isa = PBXBuildFile; fileRef = EA1CF9321A5F7E4300DF1777 /* ParseUI.framework */; };
		EA1CF9391A5F7E8F00DF1777 /* AudioToolbox.framework in Frameworks */ = {isa = PBXBuildFile; fileRef = EA1CF9381A5F7E8F00DF1777 /* AudioToolbox.framework */; };
		EA1CF93B1A5F7E9F00DF1777 /* CFNetwork.framework in Frameworks */ = {isa = PBXBuildFile; fileRef = EA1CF93A1A5F7E9F00DF1777 /* CFNetwork.framework */; };
		EA1CF93D1A5F7EAA00DF1777 /* CoreLocation.framework in Frameworks */ = {isa = PBXBuildFile; fileRef = EA1CF93C1A5F7EAA00DF1777 /* CoreLocation.framework */; };
		EA1CF93F1A5F7EC300DF1777 /* MobileCoreServices.framework in Frameworks */ = {isa = PBXBuildFile; fileRef = EA1CF93E1A5F7EC300DF1777 /* MobileCoreServices.framework */; };
		EA1CF9411A5F7ECF00DF1777 /* Security.framework in Frameworks */ = {isa = PBXBuildFile; fileRef = EA1CF9401A5F7ECF00DF1777 /* Security.framework */; };
		EA1CF9431A5F7ED700DF1777 /* StoreKit.framework in Frameworks */ = {isa = PBXBuildFile; fileRef = EA1CF9421A5F7ED700DF1777 /* StoreKit.framework */; };
		EA1CF9451A5F7EEE00DF1777 /* libsqlite3.dylib in Frameworks */ = {isa = PBXBuildFile; fileRef = EA1CF9441A5F7EEE00DF1777 /* libsqlite3.dylib */; };
		EA2AAD481A4F2D3600CCD01D /* Kids.plist in Resources */ = {isa = PBXBuildFile; fileRef = EA2AAD471A4F2D3600CCD01D /* Kids.plist */; };
		EA2C8D9E1A51157200995A93 /* AboutViewController.swift in Sources */ = {isa = PBXBuildFile; fileRef = EA2C8D9D1A51157200995A93 /* AboutViewController.swift */; };
		EA2C8DA01A511E2D00995A93 /* AboutCells.swift in Sources */ = {isa = PBXBuildFile; fileRef = EA2C8D9F1A511E2D00995A93 /* AboutCells.swift */; };
		EA2F1FA819FAC614000C5685 /* EventViewControllerCRUD.swift in Sources */ = {isa = PBXBuildFile; fileRef = EA2F1FA719FAC614000C5685 /* EventViewControllerCRUD.swift */; };
		EA2F1FAB19FAC671000C5685 /* EventViewControllerFetch.swift in Sources */ = {isa = PBXBuildFile; fileRef = EA2F1FAA19FAC671000C5685 /* EventViewControllerFetch.swift */; };
		EA318D7C1A2ED71D00F89F3B /* libAdIdAccess.a in Frameworks */ = {isa = PBXBuildFile; fileRef = EA318D7A1A2ED71D00F89F3B /* libAdIdAccess.a */; };
		EA318D7D1A2ED71D00F89F3B /* libGoogleAnalyticsServices.a in Frameworks */ = {isa = PBXBuildFile; fileRef = EA318D7B1A2ED71D00F89F3B /* libGoogleAnalyticsServices.a */; };
		EA318D891A2ED7A800F89F3B /* libz.dylib in Frameworks */ = {isa = PBXBuildFile; fileRef = EA318D881A2ED7A800F89F3B /* libz.dylib */; };
		EA318D8B1A2ED95800F89F3B /* SystemConfiguration.framework in Frameworks */ = {isa = PBXBuildFile; fileRef = EA318D8A1A2ED95800F89F3B /* SystemConfiguration.framework */; };
		EA318D8E1A2FDECB00F89F3B /* GoogleAnalytics.swift in Sources */ = {isa = PBXBuildFile; fileRef = EA318D8D1A2FDECB00F89F3B /* GoogleAnalytics.swift */; };
		EA41E72E1A3144B400903926 /* AF+Date+Extension.swift in Sources */ = {isa = PBXBuildFile; fileRef = EA41E72D1A3144B400903926 /* AF+Date+Extension.swift */; };
		EA4294F51A3AF59B0056A3D7 /* Bugs in Resources */ = {isa = PBXBuildFile; fileRef = EA4294F41A3AF59B0056A3D7 /* Bugs */; };
		EA4407191A83411200DF5D6E /* UITextViewAutoHeight.swift in Sources */ = {isa = PBXBuildFile; fileRef = EA4407181A83411200DF5D6E /* UITextViewAutoHeight.swift */; };
		EA4E7BDB1A4D817800E3EAD2 /* CoreFoundation.framework in Frameworks */ = {isa = PBXBuildFile; fileRef = EA4E7BDA1A4D817800E3EAD2 /* CoreFoundation.framework */; };
		EA5177401A4FF31500124F61 /* Reachability.swift in Sources */ = {isa = PBXBuildFile; fileRef = EA51773F1A4FF31500124F61 /* Reachability.swift */; };
		EA5524151A7ACDE700380010 /* DropdownTableView.swift in Sources */ = {isa = PBXBuildFile; fileRef = EA5524141A7ACDE700380010 /* DropdownTableView.swift */; };
		EA616DAB1A6DF2AF005F7EB8 /* GameWebViewController.swift in Sources */ = {isa = PBXBuildFile; fileRef = EA616DAA1A6DF2AF005F7EB8 /* GameWebViewController.swift */; };
		EA622B571A66580500926CE4 /* Kid.swift in Sources */ = {isa = PBXBuildFile; fileRef = EA622B561A66580500926CE4 /* Kid.swift */; };
		EA68B12E1A396E8A0084271D /* AvenirLTStd-Light.otf in Resources */ = {isa = PBXBuildFile; fileRef = EA68B12A1A396E8A0084271D /* AvenirLTStd-Light.otf */; };
		EA68B12F1A396E8A0084271D /* AvenirLTStd-Roman.otf in Resources */ = {isa = PBXBuildFile; fileRef = EA68B12B1A396E8A0084271D /* AvenirLTStd-Roman.otf */; };
		EA68B1301A396E8A0084271D /* Pacifico.ttf in Resources */ = {isa = PBXBuildFile; fileRef = EA68B12C1A396E8A0084271D /* Pacifico.ttf */; };
		EA68B1321A396FCF0084271D /* AvenirLTStd-Black.otf in Resources */ = {isa = PBXBuildFile; fileRef = EA68B1311A396FCF0084271D /* AvenirLTStd-Black.otf */; };
		EA68B1371A3AAB1C0084271D /* agbookrounded-medium.otf in Resources */ = {isa = PBXBuildFile; fileRef = EA68B1361A3AAB1C0084271D /* agbookrounded-medium.otf */; };
		EA6917331A325FF40024E35C /* Theme.swift in Sources */ = {isa = PBXBuildFile; fileRef = EA6917321A325FF40024E35C /* Theme.swift */; };
		EA6917351A32DBC50024E35C /* CAFunctions.swift in Sources */ = {isa = PBXBuildFile; fileRef = EA6917341A32DBC50024E35C /* CAFunctions.swift */; };
		EA6B0E1419FBE9C6006CC2F2 /* KidsViewController.swift in Sources */ = {isa = PBXBuildFile; fileRef = EA6B0E1319FBE9C6006CC2F2 /* KidsViewController.swift */; };
		EA6B0E1619FBEBB9006CC2F2 /* KidDetailViewController.swift in Sources */ = {isa = PBXBuildFile; fileRef = EA6B0E1519FBEBB9006CC2F2 /* KidDetailViewController.swift */; };
		EA74B8FF1A1E583E00B883BF /* KinteraViewController.swift in Sources */ = {isa = PBXBuildFile; fileRef = EA74B8FE1A1E583E00B883BF /* KinteraViewController.swift */; };
		EA7B6E5C1A36AB820042DFE0 /* QuartzCore.framework in Frameworks */ = {isa = PBXBuildFile; fileRef = EA7B6E5B1A36AB820042DFE0 /* QuartzCore.framework */; };
		EA882C1C1A48F2D80039BC6C /* AnnouncementCell.swift in Sources */ = {isa = PBXBuildFile; fileRef = EA882C1B1A48F2D80039BC6C /* AnnouncementCell.swift */; };
		EA882C201A48F37B0039BC6C /* KidCell.swift in Sources */ = {isa = PBXBuildFile; fileRef = EA882C1F1A48F37B0039BC6C /* KidCell.swift */; };
		EA91BB141A75F4A50057D772 /* MapViewController.swift in Sources */ = {isa = PBXBuildFile; fileRef = EA91BB131A75F4A50057D772 /* MapViewController.swift */; };
		EA9BA3BD1A5328A60088FEAB /* CoreImage.framework in Frameworks */ = {isa = PBXBuildFile; fileRef = EA9BA3BC1A5328A60088FEAB /* CoreImage.framework */; };
		EAA041DC1A43A2410028C062 /* EventViewControllerFunctions.swift in Sources */ = {isa = PBXBuildFile; fileRef = EAA041DB1A43A2410028C062 /* EventViewControllerFunctions.swift */; };
		EAA6DA821A411CE90088B76E /* CountdownImageView.swift in Sources */ = {isa = PBXBuildFile; fileRef = EAA6DA811A411CE90088B76E /* CountdownImageView.swift */; };
		EAA7F8CE1A46347300F7FACC /* Announcement.swift in Sources */ = {isa = PBXBuildFile; fileRef = EAA7F8CD1A46347300F7FACC /* Announcement.swift */; };
		EAAA7A2E1A45FC5600990D15 /* HomeViewControllerFollow.swift in Sources */ = {isa = PBXBuildFile; fileRef = EAAA7A2D1A45FC5600990D15 /* HomeViewControllerFollow.swift */; };
		EAAA7A341A4607AD00990D15 /* AnnouncementsTableView.swift in Sources */ = {isa = PBXBuildFile; fileRef = EAAA7A331A4607AD00990D15 /* AnnouncementsTableView.swift */; };
		EAB18CEE1A5E00130064BE45 /* BarButtonItems.swift in Sources */ = {isa = PBXBuildFile; fileRef = EAB18CED1A5E00130064BE45 /* BarButtonItems.swift */; };
		EAB757BA1A665ED700351F72 /* UIViewController+Kintera.swift in Sources */ = {isa = PBXBuildFile; fileRef = EAB757B91A665ED700351F72 /* UIViewController+Kintera.swift */; };
		EABD13F81A533C1400A3C288 /* BFImageView.swift in Sources */ = {isa = PBXBuildFile; fileRef = EABD13F71A533C1400A3C288 /* BFImageView.swift */; };
		EAC85D5C19FA92BC006840A0 /* AppDelegate.swift in Sources */ = {isa = PBXBuildFile; fileRef = EAC85D5B19FA92BC006840A0 /* AppDelegate.swift */; };
		EAC85D6519FA92BC006840A0 /* Images.xcassets in Resources */ = {isa = PBXBuildFile; fileRef = EAC85D6419FA92BC006840A0 /* Images.xcassets */; };
		EAC85D6819FA92BC006840A0 /* LaunchScreen.xib in Resources */ = {isa = PBXBuildFile; fileRef = EAC85D6619FA92BC006840A0 /* LaunchScreen.xib */; };
		EAC85D7419FA92BC006840A0 /* DMatUFTests.swift in Sources */ = {isa = PBXBuildFile; fileRef = EAC85D7319FA92BC006840A0 /* DMatUFTests.swift */; };
		EAC85D7E19FA92CC006840A0 /* CoreData.framework in Frameworks */ = {isa = PBXBuildFile; fileRef = EAC85D7D19FA92CC006840A0 /* CoreData.framework */; };
		EAC85D8119FA92D3006840A0 /* EventKit.framework in Frameworks */ = {isa = PBXBuildFile; fileRef = EAC85D7F19FA92D3006840A0 /* EventKit.framework */; };
		EAC85D8219FA92D3006840A0 /* EventKitUI.framework in Frameworks */ = {isa = PBXBuildFile; fileRef = EAC85D8019FA92D3006840A0 /* EventKitUI.framework */; };
		EAC85D8419FA92DC006840A0 /* Foundation.framework in Frameworks */ = {isa = PBXBuildFile; fileRef = EAC85D8319FA92DC006840A0 /* Foundation.framework */; };
		EAC85D8619FA92E3006840A0 /* UIKit.framework in Frameworks */ = {isa = PBXBuildFile; fileRef = EAC85D8519FA92E3006840A0 /* UIKit.framework */; };
		EAC85D8819FA93D6006840A0 /* HomeViewController.swift in Sources */ = {isa = PBXBuildFile; fileRef = EAC85D8719FA93D6006840A0 /* HomeViewController.swift */; };
		EAC85D8B19FA9446006840A0 /* EventViewController.swift in Sources */ = {isa = PBXBuildFile; fileRef = EAC85D8A19FA9446006840A0 /* EventViewController.swift */; };
		EAC85D8D19FA945C006840A0 /* EventDetailViewController.swift in Sources */ = {isa = PBXBuildFile; fileRef = EAC85D8C19FA945C006840A0 /* EventDetailViewController.swift */; };
		EAC85D9019FA9598006840A0 /* Data.xcdatamodeld in Sources */ = {isa = PBXBuildFile; fileRef = EAC85D8E19FA9598006840A0 /* Data.xcdatamodeld */; };
		EAC85D9219FA96E4006840A0 /* Event.swift in Sources */ = {isa = PBXBuildFile; fileRef = EAC85D9119FA96E4006840A0 /* Event.swift */; };
		EAC85D9419FA9DC8006840A0 /* EventCell.swift in Sources */ = {isa = PBXBuildFile; fileRef = EAC85D9319FA9DC8006840A0 /* EventCell.swift */; };
		EACF23FF1A7DB74E0076EBFD /* Category.swift in Sources */ = {isa = PBXBuildFile; fileRef = EACF23FE1A7DB74E0076EBFD /* Category.swift */; };
		EAD6E7191A529C48001187E6 /* FundraiseViewController.swift in Sources */ = {isa = PBXBuildFile; fileRef = EAD6E7181A529C48001187E6 /* FundraiseViewController.swift */; };
		EADB1A7D1A43C74600F46668 /* Main.storyboard in Resources */ = {isa = PBXBuildFile; fileRef = EADB1A7C1A43C74600F46668 /* Main.storyboard */; };
		EAEB80971A68B38E0056DBDB /* GameViewController.swift in Sources */ = {isa = PBXBuildFile; fileRef = EAEB80961A68B38E0056DBDB /* GameViewController.swift */; };
		EAFB3B8C1A3FD8F100CD0F12 /* Reachability.m in Sources */ = {isa = PBXBuildFile; fileRef = EAFB3B8B1A3FD8F100CD0F12 /* Reachability.m */; };
/* End PBXBuildFile section */

/* Begin PBXContainerItemProxy section */
		EAC85D6E19FA92BC006840A0 /* PBXContainerItemProxy */ = {
			isa = PBXContainerItemProxy;
			containerPortal = EAC85D4E19FA92BC006840A0 /* Project object */;
			proxyType = 1;
			remoteGlobalIDString = EAC85D5519FA92BC006840A0;
			remoteInfo = DMatUF;
		};
/* End PBXContainerItemProxy section */

/* Begin PBXCopyFilesBuildPhase section */
		EA41E7171A313F5800903926 /* Embed App Extensions */ = {
			isa = PBXCopyFilesBuildPhase;
			buildActionMask = 2147483647;
			dstPath = "";
			dstSubfolderSpec = 13;
			files = (
			);
			name = "Embed App Extensions";
			runOnlyForDeploymentPostprocessing = 0;
		};
		EA97C5641A36E2D300DC779C /* Embed Frameworks */ = {
			isa = PBXCopyFilesBuildPhase;
			buildActionMask = 2147483647;
			dstPath = "";
			dstSubfolderSpec = 10;
			files = (
			);
			name = "Embed Frameworks";
			runOnlyForDeploymentPostprocessing = 0;
		};
/* End PBXCopyFilesBuildPhase section */

/* Begin PBXFileReference section */
		EA06890A1A34D53C006CD2E0 /* TabBarController.swift */ = {isa = PBXFileReference; fileEncoding = 4; lastKnownFileType = sourcecode.swift; path = TabBarController.swift; sourceTree = "<group>"; };
		EA06890C1A34E793006CD2E0 /* KinteraHubView.swift */ = {isa = PBXFileReference; fileEncoding = 4; lastKnownFileType = sourcecode.swift; path = KinteraHubView.swift; sourceTree = "<group>"; };
		EA06890E1A34E7BA006CD2E0 /* CoreGraphics.framework */ = {isa = PBXFileReference; lastKnownFileType = wrapper.framework; name = CoreGraphics.framework; path = System/Library/Frameworks/CoreGraphics.framework; sourceTree = SDKROOT; };
		EA1AEEE81A71A3E900467179 /* EventDetailViewControllerEvents.swift */ = {isa = PBXFileReference; fileEncoding = 4; lastKnownFileType = sourcecode.swift; path = EventDetailViewControllerEvents.swift; sourceTree = "<group>"; };
		EA1CF92E1A5F7E4300DF1777 /* Bolts.framework */ = {isa = PBXFileReference; lastKnownFileType = wrapper.framework; path = Bolts.framework; sourceTree = "<group>"; };
		EA1CF92F1A5F7E4300DF1777 /* Parse.framework */ = {isa = PBXFileReference; lastKnownFileType = wrapper.framework; path = Parse.framework; sourceTree = "<group>"; };
		EA1CF9301A5F7E4300DF1777 /* ParseCrashReporting.framework */ = {isa = PBXFileReference; lastKnownFileType = wrapper.framework; path = ParseCrashReporting.framework; sourceTree = "<group>"; };
		EA1CF9311A5F7E4300DF1777 /* ParseFacebookUtils.framework */ = {isa = PBXFileReference; lastKnownFileType = wrapper.framework; path = ParseFacebookUtils.framework; sourceTree = "<group>"; };
		EA1CF9321A5F7E4300DF1777 /* ParseUI.framework */ = {isa = PBXFileReference; lastKnownFileType = wrapper.framework; path = ParseUI.framework; sourceTree = "<group>"; };
		EA1CF9381A5F7E8F00DF1777 /* AudioToolbox.framework */ = {isa = PBXFileReference; lastKnownFileType = wrapper.framework; name = AudioToolbox.framework; path = System/Library/Frameworks/AudioToolbox.framework; sourceTree = SDKROOT; };
		EA1CF93A1A5F7E9F00DF1777 /* CFNetwork.framework */ = {isa = PBXFileReference; lastKnownFileType = wrapper.framework; name = CFNetwork.framework; path = System/Library/Frameworks/CFNetwork.framework; sourceTree = SDKROOT; };
		EA1CF93C1A5F7EAA00DF1777 /* CoreLocation.framework */ = {isa = PBXFileReference; lastKnownFileType = wrapper.framework; name = CoreLocation.framework; path = System/Library/Frameworks/CoreLocation.framework; sourceTree = SDKROOT; };
		EA1CF93E1A5F7EC300DF1777 /* MobileCoreServices.framework */ = {isa = PBXFileReference; lastKnownFileType = wrapper.framework; name = MobileCoreServices.framework; path = System/Library/Frameworks/MobileCoreServices.framework; sourceTree = SDKROOT; };
		EA1CF9401A5F7ECF00DF1777 /* Security.framework */ = {isa = PBXFileReference; lastKnownFileType = wrapper.framework; name = Security.framework; path = System/Library/Frameworks/Security.framework; sourceTree = SDKROOT; };
		EA1CF9421A5F7ED700DF1777 /* StoreKit.framework */ = {isa = PBXFileReference; lastKnownFileType = wrapper.framework; name = StoreKit.framework; path = System/Library/Frameworks/StoreKit.framework; sourceTree = SDKROOT; };
		EA1CF9441A5F7EEE00DF1777 /* libsqlite3.dylib */ = {isa = PBXFileReference; lastKnownFileType = "compiled.mach-o.dylib"; name = libsqlite3.dylib; path = usr/lib/libsqlite3.dylib; sourceTree = SDKROOT; };
		EA2AAD471A4F2D3600CCD01D /* Kids.plist */ = {isa = PBXFileReference; fileEncoding = 4; lastKnownFileType = text.plist.xml; path = Kids.plist; sourceTree = "<group>"; };
		EA2C8D9D1A51157200995A93 /* AboutViewController.swift */ = {isa = PBXFileReference; fileEncoding = 4; lastKnownFileType = sourcecode.swift; path = AboutViewController.swift; sourceTree = "<group>"; };
		EA2C8D9F1A511E2D00995A93 /* AboutCells.swift */ = {isa = PBXFileReference; fileEncoding = 4; lastKnownFileType = sourcecode.swift; path = AboutCells.swift; sourceTree = "<group>"; };
		EA2F1FA719FAC614000C5685 /* EventViewControllerCRUD.swift */ = {isa = PBXFileReference; fileEncoding = 4; lastKnownFileType = sourcecode.swift; path = EventViewControllerCRUD.swift; sourceTree = "<group>"; };
		EA2F1FAA19FAC671000C5685 /* EventViewControllerFetch.swift */ = {isa = PBXFileReference; fileEncoding = 4; lastKnownFileType = sourcecode.swift; path = EventViewControllerFetch.swift; sourceTree = "<group>"; };
		EA318D7A1A2ED71D00F89F3B /* libAdIdAccess.a */ = {isa = PBXFileReference; lastKnownFileType = archive.ar; path = libAdIdAccess.a; sourceTree = "<group>"; };
		EA318D7B1A2ED71D00F89F3B /* libGoogleAnalyticsServices.a */ = {isa = PBXFileReference; lastKnownFileType = archive.ar; path = libGoogleAnalyticsServices.a; sourceTree = "<group>"; };
		EA318D7E1A2ED74100F89F3B /* GAI.h */ = {isa = PBXFileReference; lastKnownFileType = sourcecode.c.h; path = GAI.h; sourceTree = "<group>"; };
		EA318D7F1A2ED74100F89F3B /* GAIDictionaryBuilder.h */ = {isa = PBXFileReference; lastKnownFileType = sourcecode.c.h; path = GAIDictionaryBuilder.h; sourceTree = "<group>"; };
		EA318D801A2ED74100F89F3B /* GAIEcommerceFields.h */ = {isa = PBXFileReference; lastKnownFileType = sourcecode.c.h; path = GAIEcommerceFields.h; sourceTree = "<group>"; };
		EA318D811A2ED74100F89F3B /* GAIEcommerceProduct.h */ = {isa = PBXFileReference; lastKnownFileType = sourcecode.c.h; path = GAIEcommerceProduct.h; sourceTree = "<group>"; };
		EA318D821A2ED74100F89F3B /* GAIEcommerceProductAction.h */ = {isa = PBXFileReference; lastKnownFileType = sourcecode.c.h; path = GAIEcommerceProductAction.h; sourceTree = "<group>"; };
		EA318D831A2ED74100F89F3B /* GAIEcommercePromotion.h */ = {isa = PBXFileReference; lastKnownFileType = sourcecode.c.h; path = GAIEcommercePromotion.h; sourceTree = "<group>"; };
		EA318D841A2ED74100F89F3B /* GAIFields.h */ = {isa = PBXFileReference; lastKnownFileType = sourcecode.c.h; path = GAIFields.h; sourceTree = "<group>"; };
		EA318D851A2ED74100F89F3B /* GAILogger.h */ = {isa = PBXFileReference; lastKnownFileType = sourcecode.c.h; path = GAILogger.h; sourceTree = "<group>"; };
		EA318D861A2ED74100F89F3B /* GAITrackedViewController.h */ = {isa = PBXFileReference; lastKnownFileType = sourcecode.c.h; path = GAITrackedViewController.h; sourceTree = "<group>"; };
		EA318D871A2ED74100F89F3B /* GAITracker.h */ = {isa = PBXFileReference; lastKnownFileType = sourcecode.c.h; path = GAITracker.h; sourceTree = "<group>"; };
		EA318D881A2ED7A800F89F3B /* libz.dylib */ = {isa = PBXFileReference; lastKnownFileType = "compiled.mach-o.dylib"; name = libz.dylib; path = usr/lib/libz.dylib; sourceTree = SDKROOT; };
		EA318D8A1A2ED95800F89F3B /* SystemConfiguration.framework */ = {isa = PBXFileReference; lastKnownFileType = wrapper.framework; name = SystemConfiguration.framework; path = System/Library/Frameworks/SystemConfiguration.framework; sourceTree = SDKROOT; };
		EA318D8C1A2ED9C500F89F3B /* Bridge.h */ = {isa = PBXFileReference; lastKnownFileType = sourcecode.c.h; path = Bridge.h; sourceTree = "<group>"; };
		EA318D8D1A2FDECB00F89F3B /* GoogleAnalytics.swift */ = {isa = PBXFileReference; fileEncoding = 4; lastKnownFileType = sourcecode.swift; path = GoogleAnalytics.swift; sourceTree = "<group>"; };
		EA41E7081A313F5800903926 /* NotificationCenter.framework */ = {isa = PBXFileReference; lastKnownFileType = wrapper.framework; name = NotificationCenter.framework; path = System/Library/Frameworks/NotificationCenter.framework; sourceTree = SDKROOT; };
		EA41E72D1A3144B400903926 /* AF+Date+Extension.swift */ = {isa = PBXFileReference; fileEncoding = 4; lastKnownFileType = sourcecode.swift; path = "AF+Date+Extension.swift"; sourceTree = "<group>"; };
		EA4294F41A3AF59B0056A3D7 /* Bugs */ = {isa = PBXFileReference; fileEncoding = 4; lastKnownFileType = text; path = Bugs; sourceTree = "<group>"; };
		EA4407181A83411200DF5D6E /* UITextViewAutoHeight.swift */ = {isa = PBXFileReference; fileEncoding = 4; lastKnownFileType = sourcecode.swift; path = UITextViewAutoHeight.swift; sourceTree = "<group>"; };
		EA4E7BDA1A4D817800E3EAD2 /* CoreFoundation.framework */ = {isa = PBXFileReference; lastKnownFileType = wrapper.framework; name = CoreFoundation.framework; path = System/Library/Frameworks/CoreFoundation.framework; sourceTree = SDKROOT; };
		EA51773F1A4FF31500124F61 /* Reachability.swift */ = {isa = PBXFileReference; fileEncoding = 4; lastKnownFileType = sourcecode.swift; path = Reachability.swift; sourceTree = "<group>"; };
		EA5524141A7ACDE700380010 /* DropdownTableView.swift */ = {isa = PBXFileReference; fileEncoding = 4; lastKnownFileType = sourcecode.swift; path = DropdownTableView.swift; sourceTree = "<group>"; };
		EA616DAA1A6DF2AF005F7EB8 /* GameWebViewController.swift */ = {isa = PBXFileReference; fileEncoding = 4; lastKnownFileType = sourcecode.swift; path = GameWebViewController.swift; sourceTree = "<group>"; };
		EA622B561A66580500926CE4 /* Kid.swift */ = {isa = PBXFileReference; fileEncoding = 4; lastKnownFileType = sourcecode.swift; path = Kid.swift; sourceTree = "<group>"; };
		EA68B12A1A396E8A0084271D /* AvenirLTStd-Light.otf */ = {isa = PBXFileReference; lastKnownFileType = file; path = "AvenirLTStd-Light.otf"; sourceTree = "<group>"; };
		EA68B12B1A396E8A0084271D /* AvenirLTStd-Roman.otf */ = {isa = PBXFileReference; lastKnownFileType = file; path = "AvenirLTStd-Roman.otf"; sourceTree = "<group>"; };
		EA68B12C1A396E8A0084271D /* Pacifico.ttf */ = {isa = PBXFileReference; lastKnownFileType = file; path = Pacifico.ttf; sourceTree = "<group>"; };
		EA68B1311A396FCF0084271D /* AvenirLTStd-Black.otf */ = {isa = PBXFileReference; lastKnownFileType = file; path = "AvenirLTStd-Black.otf"; sourceTree = "<group>"; };
		EA68B1361A3AAB1C0084271D /* agbookrounded-medium.otf */ = {isa = PBXFileReference; lastKnownFileType = file; path = "agbookrounded-medium.otf"; sourceTree = "<group>"; };
		EA6917321A325FF40024E35C /* Theme.swift */ = {isa = PBXFileReference; fileEncoding = 4; lastKnownFileType = sourcecode.swift; path = Theme.swift; sourceTree = "<group>"; };
		EA6917341A32DBC50024E35C /* CAFunctions.swift */ = {isa = PBXFileReference; fileEncoding = 4; lastKnownFileType = sourcecode.swift; path = CAFunctions.swift; sourceTree = "<group>"; };
		EA6B0E1319FBE9C6006CC2F2 /* KidsViewController.swift */ = {isa = PBXFileReference; fileEncoding = 4; lastKnownFileType = sourcecode.swift; path = KidsViewController.swift; sourceTree = "<group>"; };
		EA6B0E1519FBEBB9006CC2F2 /* KidDetailViewController.swift */ = {isa = PBXFileReference; fileEncoding = 4; lastKnownFileType = sourcecode.swift; path = KidDetailViewController.swift; sourceTree = "<group>"; };
		EA74B8FE1A1E583E00B883BF /* KinteraViewController.swift */ = {isa = PBXFileReference; fileEncoding = 4; lastKnownFileType = sourcecode.swift; path = KinteraViewController.swift; sourceTree = "<group>"; };
		EA7B6E5B1A36AB820042DFE0 /* QuartzCore.framework */ = {isa = PBXFileReference; lastKnownFileType = wrapper.framework; name = QuartzCore.framework; path = System/Library/Frameworks/QuartzCore.framework; sourceTree = SDKROOT; };
		EA7D02BA19FAC28F005406E4 /* Sandbox.playground */ = {isa = PBXFileReference; lastKnownFileType = file.playground; path = Sandbox.playground; sourceTree = "<group>"; };
		EA882C1B1A48F2D80039BC6C /* AnnouncementCell.swift */ = {isa = PBXFileReference; fileEncoding = 4; lastKnownFileType = sourcecode.swift; path = AnnouncementCell.swift; sourceTree = "<group>"; };
		EA882C1F1A48F37B0039BC6C /* KidCell.swift */ = {isa = PBXFileReference; fileEncoding = 4; lastKnownFileType = sourcecode.swift; path = KidCell.swift; sourceTree = "<group>"; };
		EA91BB131A75F4A50057D772 /* MapViewController.swift */ = {isa = PBXFileReference; fileEncoding = 4; lastKnownFileType = sourcecode.swift; path = MapViewController.swift; sourceTree = "<group>"; };
		EA9BA3BC1A5328A60088FEAB /* CoreImage.framework */ = {isa = PBXFileReference; lastKnownFileType = wrapper.framework; name = CoreImage.framework; path = System/Library/Frameworks/CoreImage.framework; sourceTree = SDKROOT; };
		EAA041DB1A43A2410028C062 /* EventViewControllerFunctions.swift */ = {isa = PBXFileReference; fileEncoding = 4; lastKnownFileType = sourcecode.swift; path = EventViewControllerFunctions.swift; sourceTree = "<group>"; };
		EAA6DA811A411CE90088B76E /* CountdownImageView.swift */ = {isa = PBXFileReference; fileEncoding = 4; lastKnownFileType = sourcecode.swift; path = CountdownImageView.swift; sourceTree = "<group>"; };
		EAA7F8CD1A46347300F7FACC /* Announcement.swift */ = {isa = PBXFileReference; fileEncoding = 4; lastKnownFileType = sourcecode.swift; path = Announcement.swift; sourceTree = "<group>"; };
		EAAA7A2D1A45FC5600990D15 /* HomeViewControllerFollow.swift */ = {isa = PBXFileReference; fileEncoding = 4; lastKnownFileType = sourcecode.swift; path = HomeViewControllerFollow.swift; sourceTree = "<group>"; };
		EAAA7A331A4607AD00990D15 /* AnnouncementsTableView.swift */ = {isa = PBXFileReference; fileEncoding = 4; lastKnownFileType = sourcecode.swift; path = AnnouncementsTableView.swift; sourceTree = "<group>"; };
		EAB18CED1A5E00130064BE45 /* BarButtonItems.swift */ = {isa = PBXFileReference; fileEncoding = 4; lastKnownFileType = sourcecode.swift; path = BarButtonItems.swift; sourceTree = "<group>"; };
		EAB757B91A665ED700351F72 /* UIViewController+Kintera.swift */ = {isa = PBXFileReference; fileEncoding = 4; lastKnownFileType = sourcecode.swift; path = "UIViewController+Kintera.swift"; sourceTree = "<group>"; };
		EABD13F71A533C1400A3C288 /* BFImageView.swift */ = {isa = PBXFileReference; fileEncoding = 4; lastKnownFileType = sourcecode.swift; path = BFImageView.swift; sourceTree = "<group>"; };
		EAC85D5619FA92BC006840A0 /* DMatUF.app */ = {isa = PBXFileReference; explicitFileType = wrapper.application; includeInIndex = 0; path = DMatUF.app; sourceTree = BUILT_PRODUCTS_DIR; };
		EAC85D5A19FA92BC006840A0 /* Info.plist */ = {isa = PBXFileReference; lastKnownFileType = text.plist.xml; path = Info.plist; sourceTree = "<group>"; };
		EAC85D5B19FA92BC006840A0 /* AppDelegate.swift */ = {isa = PBXFileReference; lastKnownFileType = sourcecode.swift; path = AppDelegate.swift; sourceTree = "<group>"; };
		EAC85D6419FA92BC006840A0 /* Images.xcassets */ = {isa = PBXFileReference; lastKnownFileType = folder.assetcatalog; path = Images.xcassets; sourceTree = "<group>"; };
		EAC85D6719FA92BC006840A0 /* Base */ = {isa = PBXFileReference; lastKnownFileType = file.xib; name = Base; path = Base.lproj/LaunchScreen.xib; sourceTree = "<group>"; };
		EAC85D6D19FA92BC006840A0 /* DMatUFTests.xctest */ = {isa = PBXFileReference; explicitFileType = wrapper.cfbundle; includeInIndex = 0; path = DMatUFTests.xctest; sourceTree = BUILT_PRODUCTS_DIR; };
		EAC85D7219FA92BC006840A0 /* Info.plist */ = {isa = PBXFileReference; lastKnownFileType = text.plist.xml; path = Info.plist; sourceTree = "<group>"; };
		EAC85D7319FA92BC006840A0 /* DMatUFTests.swift */ = {isa = PBXFileReference; lastKnownFileType = sourcecode.swift; path = DMatUFTests.swift; sourceTree = "<group>"; };
		EAC85D7D19FA92CC006840A0 /* CoreData.framework */ = {isa = PBXFileReference; lastKnownFileType = wrapper.framework; name = CoreData.framework; path = System/Library/Frameworks/CoreData.framework; sourceTree = SDKROOT; };
		EAC85D7F19FA92D3006840A0 /* EventKit.framework */ = {isa = PBXFileReference; lastKnownFileType = wrapper.framework; name = EventKit.framework; path = System/Library/Frameworks/EventKit.framework; sourceTree = SDKROOT; };
		EAC85D8019FA92D3006840A0 /* EventKitUI.framework */ = {isa = PBXFileReference; lastKnownFileType = wrapper.framework; name = EventKitUI.framework; path = System/Library/Frameworks/EventKitUI.framework; sourceTree = SDKROOT; };
		EAC85D8319FA92DC006840A0 /* Foundation.framework */ = {isa = PBXFileReference; lastKnownFileType = wrapper.framework; name = Foundation.framework; path = System/Library/Frameworks/Foundation.framework; sourceTree = SDKROOT; };
		EAC85D8519FA92E3006840A0 /* UIKit.framework */ = {isa = PBXFileReference; lastKnownFileType = wrapper.framework; name = UIKit.framework; path = System/Library/Frameworks/UIKit.framework; sourceTree = SDKROOT; };
		EAC85D8719FA93D6006840A0 /* HomeViewController.swift */ = {isa = PBXFileReference; fileEncoding = 4; lastKnownFileType = sourcecode.swift; path = HomeViewController.swift; sourceTree = "<group>"; };
		EAC85D8A19FA9446006840A0 /* EventViewController.swift */ = {isa = PBXFileReference; fileEncoding = 4; lastKnownFileType = sourcecode.swift; path = EventViewController.swift; sourceTree = "<group>"; };
		EAC85D8C19FA945C006840A0 /* EventDetailViewController.swift */ = {isa = PBXFileReference; fileEncoding = 4; lastKnownFileType = sourcecode.swift; path = EventDetailViewController.swift; sourceTree = "<group>"; };
		EAC85D8F19FA9598006840A0 /* Data.xcdatamodel */ = {isa = PBXFileReference; lastKnownFileType = wrapper.xcdatamodel; path = Data.xcdatamodel; sourceTree = "<group>"; };
		EAC85D9119FA96E4006840A0 /* Event.swift */ = {isa = PBXFileReference; fileEncoding = 4; lastKnownFileType = sourcecode.swift; path = Event.swift; sourceTree = "<group>"; };
		EAC85D9319FA9DC8006840A0 /* EventCell.swift */ = {isa = PBXFileReference; fileEncoding = 4; lastKnownFileType = sourcecode.swift; path = EventCell.swift; sourceTree = "<group>"; };
		EACF23FE1A7DB74E0076EBFD /* Category.swift */ = {isa = PBXFileReference; fileEncoding = 4; lastKnownFileType = sourcecode.swift; path = Category.swift; sourceTree = "<group>"; };
		EAD6E7181A529C48001187E6 /* FundraiseViewController.swift */ = {isa = PBXFileReference; fileEncoding = 4; lastKnownFileType = sourcecode.swift; path = FundraiseViewController.swift; sourceTree = "<group>"; };
		EADB1A7C1A43C74600F46668 /* Main.storyboard */ = {isa = PBXFileReference; fileEncoding = 4; lastKnownFileType = file.storyboard; path = Main.storyboard; sourceTree = "<group>"; };
		EAEB808E1A683B2F0056DBDB /* Data 2.xcdatamodel */ = {isa = PBXFileReference; lastKnownFileType = wrapper.xcdatamodel; path = "Data 2.xcdatamodel"; sourceTree = "<group>"; };
		EAEB80961A68B38E0056DBDB /* GameViewController.swift */ = {isa = PBXFileReference; fileEncoding = 4; lastKnownFileType = sourcecode.swift; path = GameViewController.swift; sourceTree = "<group>"; };
		EAFB3B8A1A3FD8F100CD0F12 /* Reachability.h */ = {isa = PBXFileReference; fileEncoding = 4; lastKnownFileType = sourcecode.c.h; path = Reachability.h; sourceTree = "<group>"; };
		EAFB3B8B1A3FD8F100CD0F12 /* Reachability.m */ = {isa = PBXFileReference; fileEncoding = 4; lastKnownFileType = sourcecode.c.objc; path = Reachability.m; sourceTree = "<group>"; };
/* End PBXFileReference section */

/* Begin PBXFrameworksBuildPhase section */
		EAC85D5319FA92BC006840A0 /* Frameworks */ = {
			isa = PBXFrameworksBuildPhase;
			buildActionMask = 2147483647;
			files = (
				EA1CF9451A5F7EEE00DF1777 /* libsqlite3.dylib in Frameworks */,
				EA1CF9431A5F7ED700DF1777 /* StoreKit.framework in Frameworks */,
				EA1CF9411A5F7ECF00DF1777 /* Security.framework in Frameworks */,
				EA1CF93F1A5F7EC300DF1777 /* MobileCoreServices.framework in Frameworks */,
				EA1CF93D1A5F7EAA00DF1777 /* CoreLocation.framework in Frameworks */,
				EA1CF93B1A5F7E9F00DF1777 /* CFNetwork.framework in Frameworks */,
				EA1CF9391A5F7E8F00DF1777 /* AudioToolbox.framework in Frameworks */,
				EA1CF9371A5F7E4300DF1777 /* ParseUI.framework in Frameworks */,
				EA9BA3BD1A5328A60088FEAB /* CoreImage.framework in Frameworks */,
				EA4E7BDB1A4D817800E3EAD2 /* CoreFoundation.framework in Frameworks */,
				EA7B6E5C1A36AB820042DFE0 /* QuartzCore.framework in Frameworks */,
				EA06890F1A34E7BA006CD2E0 /* CoreGraphics.framework in Frameworks */,
				EA1CF9341A5F7E4300DF1777 /* Parse.framework in Frameworks */,
				EA1CF9361A5F7E4300DF1777 /* ParseFacebookUtils.framework in Frameworks */,
				EA318D8B1A2ED95800F89F3B /* SystemConfiguration.framework in Frameworks */,
				EA318D891A2ED7A800F89F3B /* libz.dylib in Frameworks */,
				EAC85D8619FA92E3006840A0 /* UIKit.framework in Frameworks */,
				EA318D7C1A2ED71D00F89F3B /* libAdIdAccess.a in Frameworks */,
				EAC85D8419FA92DC006840A0 /* Foundation.framework in Frameworks */,
				EA318D7D1A2ED71D00F89F3B /* libGoogleAnalyticsServices.a in Frameworks */,
				EAC85D8119FA92D3006840A0 /* EventKit.framework in Frameworks */,
				EAC85D8219FA92D3006840A0 /* EventKitUI.framework in Frameworks */,
				EAC85D7E19FA92CC006840A0 /* CoreData.framework in Frameworks */,
				EA1CF9331A5F7E4300DF1777 /* Bolts.framework in Frameworks */,
				EA1CF9351A5F7E4300DF1777 /* ParseCrashReporting.framework in Frameworks */,
			);
			runOnlyForDeploymentPostprocessing = 0;
		};
		EAC85D6A19FA92BC006840A0 /* Frameworks */ = {
			isa = PBXFrameworksBuildPhase;
			buildActionMask = 2147483647;
			files = (
			);
			runOnlyForDeploymentPostprocessing = 0;
		};
/* End PBXFrameworksBuildPhase section */

/* Begin PBXGroup section */
		EA1CF92D1A5F7E4300DF1777 /* Parse */ = {
			isa = PBXGroup;
			children = (
				EA1CF92E1A5F7E4300DF1777 /* Bolts.framework */,
				EA1CF92F1A5F7E4300DF1777 /* Parse.framework */,
				EA1CF9301A5F7E4300DF1777 /* ParseCrashReporting.framework */,
				EA1CF9311A5F7E4300DF1777 /* ParseFacebookUtils.framework */,
				EA1CF9321A5F7E4300DF1777 /* ParseUI.framework */,
			);
			name = Parse;
			path = "parse-library-1";
			sourceTree = "<group>";
		};
		EA2F1FA919FAC624000C5685 /* Home Tab */ = {
			isa = PBXGroup;
			children = (
				EAC85D8719FA93D6006840A0 /* HomeViewController.swift */,
				EAAA7A2D1A45FC5600990D15 /* HomeViewControllerFollow.swift */,
				EAA6DA811A411CE90088B76E /* CountdownImageView.swift */,
				EAAA7A331A4607AD00990D15 /* AnnouncementsTableView.swift */,
				EA06890C1A34E793006CD2E0 /* KinteraHubView.swift */,
				EA74B8FE1A1E583E00B883BF /* KinteraViewController.swift */,
			);
			name = "Home Tab";
			sourceTree = "<group>";
		};
		EA318D6F1A2ED68E00F89F3B /* Google Analytics */ = {
			isa = PBXGroup;
			children = (
				EA318D8D1A2FDECB00F89F3B /* GoogleAnalytics.swift */,
				EA882C221A48F4C10039BC6C /* API */,
			);
			name = "Google Analytics";
			sourceTree = "<group>";
		};
		EA41E7071A313F5800903926 /* Frameworks */ = {
			isa = PBXGroup;
			children = (
				EA1CF9441A5F7EEE00DF1777 /* libsqlite3.dylib */,
				EA1CF9421A5F7ED700DF1777 /* StoreKit.framework */,
				EA1CF9401A5F7ECF00DF1777 /* Security.framework */,
				EA1CF93E1A5F7EC300DF1777 /* MobileCoreServices.framework */,
				EA1CF93C1A5F7EAA00DF1777 /* CoreLocation.framework */,
				EA1CF93A1A5F7E9F00DF1777 /* CFNetwork.framework */,
				EA1CF9381A5F7E8F00DF1777 /* AudioToolbox.framework */,
				EA1CF92D1A5F7E4300DF1777 /* Parse */,
				EA9BA3BC1A5328A60088FEAB /* CoreImage.framework */,
				EA4E7BDA1A4D817800E3EAD2 /* CoreFoundation.framework */,
				EA318D881A2ED7A800F89F3B /* libz.dylib */,
				EA318D8A1A2ED95800F89F3B /* SystemConfiguration.framework */,
				EAC85D8519FA92E3006840A0 /* UIKit.framework */,
				EAC85D8319FA92DC006840A0 /* Foundation.framework */,
				EAC85D7F19FA92D3006840A0 /* EventKit.framework */,
				EAC85D8019FA92D3006840A0 /* EventKitUI.framework */,
				EAC85D7D19FA92CC006840A0 /* CoreData.framework */,
				EA7B6E5B1A36AB820042DFE0 /* QuartzCore.framework */,
				EA06890E1A34E7BA006CD2E0 /* CoreGraphics.framework */,
				EA41E7081A313F5800903926 /* NotificationCenter.framework */,
			);
			name = Frameworks;
			sourceTree = "<group>";
		};
		EA61D0EB1A50E46B00565206 /* About Tab */ = {
			isa = PBXGroup;
			children = (
				EA2C8D9D1A51157200995A93 /* AboutViewController.swift */,
			);
			name = "About Tab";
			sourceTree = "<group>";
		};
		EA68B1331A39705A0084271D /* Fonts */ = {
			isa = PBXGroup;
			children = (
				EA68B12C1A396E8A0084271D /* Pacifico.ttf */,
				EA68B1361A3AAB1C0084271D /* agbookrounded-medium.otf */,
				EA68B1311A396FCF0084271D /* AvenirLTStd-Black.otf */,
				EA68B12A1A396E8A0084271D /* AvenirLTStd-Light.otf */,
				EA68B12B1A396E8A0084271D /* AvenirLTStd-Roman.otf */,
			);
			name = Fonts;
			sourceTree = "<group>";
		};
		EA6B0E1219FBE995006CC2F2 /* Kids Tab */ = {
			isa = PBXGroup;
			children = (
				EA2AAD471A4F2D3600CCD01D /* Kids.plist */,
				EA6B0E1319FBE9C6006CC2F2 /* KidsViewController.swift */,
				EA6B0E1519FBEBB9006CC2F2 /* KidDetailViewController.swift */,
			);
			name = "Kids Tab";
			sourceTree = "<group>";
		};
		EA882C1D1A48F2FD0039BC6C /* Object Subclasses */ = {
			isa = PBXGroup;
			children = (
				EAA7F8CD1A46347300F7FACC /* Announcement.swift */,
				EACF23FE1A7DB74E0076EBFD /* Category.swift */,
				EAC85D9119FA96E4006840A0 /* Event.swift */,
				EA622B561A66580500926CE4 /* Kid.swift */,
			);
			name = "Object Subclasses";
			sourceTree = "<group>";
		};
		EA882C1E1A48F30C0039BC6C /* Cell Subclasses */ = {
			isa = PBXGroup;
			children = (
				EA882C1B1A48F2D80039BC6C /* AnnouncementCell.swift */,
				EA2C8D9F1A511E2D00995A93 /* AboutCells.swift */,
				EAC85D9319FA9DC8006840A0 /* EventCell.swift */,
				EA882C1F1A48F37B0039BC6C /* KidCell.swift */,
			);
			name = "Cell Subclasses";
			sourceTree = "<group>";
		};
		EA882C211A48F48A0039BC6C /* Reachability */ = {
			isa = PBXGroup;
			children = (
				EAFB3B8A1A3FD8F100CD0F12 /* Reachability.h */,
				EAFB3B8B1A3FD8F100CD0F12 /* Reachability.m */,
				EA51773F1A4FF31500124F61 /* Reachability.swift */,
			);
			name = Reachability;
			sourceTree = "<group>";
		};
		EA882C221A48F4C10039BC6C /* API */ = {
			isa = PBXGroup;
			children = (
				EA318D7A1A2ED71D00F89F3B /* libAdIdAccess.a */,
				EA318D7B1A2ED71D00F89F3B /* libGoogleAnalyticsServices.a */,
				EA318D7E1A2ED74100F89F3B /* GAI.h */,
				EA318D7F1A2ED74100F89F3B /* GAIDictionaryBuilder.h */,
				EA318D801A2ED74100F89F3B /* GAIEcommerceFields.h */,
				EA318D811A2ED74100F89F3B /* GAIEcommerceProduct.h */,
				EA318D821A2ED74100F89F3B /* GAIEcommerceProductAction.h */,
				EA318D831A2ED74100F89F3B /* GAIEcommercePromotion.h */,
				EA318D841A2ED74100F89F3B /* GAIFields.h */,
				EA318D851A2ED74100F89F3B /* GAILogger.h */,
				EA318D861A2ED74100F89F3B /* GAITrackedViewController.h */,
				EA318D871A2ED74100F89F3B /* GAITracker.h */,
			);
			name = API;
			sourceTree = "<group>";
		};
		EA882C231A48F4D10039BC6C /* Date */ = {
			isa = PBXGroup;
			children = (
				EA41E72D1A3144B400903926 /* AF+Date+Extension.swift */,
			);
			name = Date;
			sourceTree = "<group>";
		};
		EA91BB121A75F48C0057D772 /* Map Tab */ = {
			isa = PBXGroup;
			children = (
				EA91BB131A75F4A50057D772 /* MapViewController.swift */,
			);
			name = "Map Tab";
			sourceTree = "<group>";
		};
		EABD13F91A533C1900A3C288 /* UIImageView */ = {
			isa = PBXGroup;
			children = (
				EABD13F71A533C1400A3C288 /* BFImageView.swift */,
			);
			name = UIImageView;
			sourceTree = "<group>";
		};
		EAC85D4D19FA92BC006840A0 = {
			isa = PBXGroup;
			children = (
				EAC85D5819FA92BC006840A0 /* DMatUF */,
				EAC85D7019FA92BC006840A0 /* DMatUFTests */,
				EA41E7071A313F5800903926 /* Frameworks */,
				EAC85D5719FA92BC006840A0 /* Products */,
			);
			sourceTree = "<group>";
		};
		EAC85D5719FA92BC006840A0 /* Products */ = {
			isa = PBXGroup;
			children = (
				EAC85D5619FA92BC006840A0 /* DMatUF.app */,
				EAC85D6D19FA92BC006840A0 /* DMatUFTests.xctest */,
			);
			name = Products;
			sourceTree = "<group>";
		};
		EAC85D5819FA92BC006840A0 /* DMatUF */ = {
			isa = PBXGroup;
			children = (
				EAC85D5919FA92BC006840A0 /* Supporting Files */,
				EAC85D9519FAA766006840A0 /* Extensions */,
				EAC85D6419FA92BC006840A0 /* Images.xcassets */,
				EA4294F41A3AF59B0056A3D7 /* Bugs */,
				EADB1A7C1A43C74600F46668 /* Main.storyboard */,
				EAC85D8E19FA9598006840A0 /* Data.xcdatamodeld */,
				EA882C1E1A48F30C0039BC6C /* Cell Subclasses */,
				EA882C1D1A48F2FD0039BC6C /* Object Subclasses */,
				EAC85D5B19FA92BC006840A0 /* AppDelegate.swift */,
				EA06890A1A34D53C006CD2E0 /* TabBarController.swift */,
				EAB757B91A665ED700351F72 /* UIViewController+Kintera.swift */,
				EA91BB121A75F48C0057D772 /* Map Tab */,
				EAEB80931A68B2BA0056DBDB /* Game Tab */,
				EA2F1FA919FAC624000C5685 /* Home Tab */,
				EAC85D8919FA9432006840A0 /* Events Tab */,
				EA6B0E1219FBE995006CC2F2 /* Kids Tab */,
				EAD6E7171A529BDB001187E6 /* Fundraise Tab */,
				EA61D0EB1A50E46B00565206 /* About Tab */,
			);
			path = DMatUF;
			sourceTree = "<group>";
		};
		EAC85D5919FA92BC006840A0 /* Supporting Files */ = {
			isa = PBXGroup;
			children = (
				EA68B1331A39705A0084271D /* Fonts */,
				EAC85D6619FA92BC006840A0 /* LaunchScreen.xib */,
				EA318D8C1A2ED9C500F89F3B /* Bridge.h */,
				EAC85D5A19FA92BC006840A0 /* Info.plist */,
			);
			name = "Supporting Files";
			sourceTree = "<group>";
		};
		EAC85D7019FA92BC006840A0 /* DMatUFTests */ = {
			isa = PBXGroup;
			children = (
				EAC85D7319FA92BC006840A0 /* DMatUFTests.swift */,
				EAC85D7119FA92BC006840A0 /* Supporting Files */,
			);
			path = DMatUFTests;
			sourceTree = "<group>";
		};
		EAC85D7119FA92BC006840A0 /* Supporting Files */ = {
			isa = PBXGroup;
			children = (
				EAC85D7219FA92BC006840A0 /* Info.plist */,
			);
			name = "Supporting Files";
			sourceTree = "<group>";
		};
		EAC85D8919FA9432006840A0 /* Events Tab */ = {
			isa = PBXGroup;
			children = (
				EA5524141A7ACDE700380010 /* DropdownTableView.swift */,
				EAC85D8A19FA9446006840A0 /* EventViewController.swift */,
				EA2F1FA719FAC614000C5685 /* EventViewControllerCRUD.swift */,
				EAA041DB1A43A2410028C062 /* EventViewControllerFunctions.swift */,
				EA2F1FAA19FAC671000C5685 /* EventViewControllerFetch.swift */,
				EAC85D8C19FA945C006840A0 /* EventDetailViewController.swift */,
				EA1AEEE81A71A3E900467179 /* EventDetailViewControllerEvents.swift */,
			);
			name = "Events Tab";
			sourceTree = "<group>";
		};
		EAC85D9519FAA766006840A0 /* Extensions */ = {
			isa = PBXGroup;
			children = (
				EABD13F91A533C1900A3C288 /* UIImageView */,
				EA318D6F1A2ED68E00F89F3B /* Google Analytics */,
				EA882C211A48F48A0039BC6C /* Reachability */,
				EA882C231A48F4D10039BC6C /* Date */,
				EA6917321A325FF40024E35C /* Theme.swift */,
				EA6917341A32DBC50024E35C /* CAFunctions.swift */,
				EA4407181A83411200DF5D6E /* UITextViewAutoHeight.swift */,
				EAB18CED1A5E00130064BE45 /* BarButtonItems.swift */,
				EA7D02BA19FAC28F005406E4 /* Sandbox.playground */,
			);
			name = Extensions;
			sourceTree = "<group>";
		};
		EAD6E7171A529BDB001187E6 /* Fundraise Tab */ = {
			isa = PBXGroup;
			children = (
				EAD6E7181A529C48001187E6 /* FundraiseViewController.swift */,
			);
			name = "Fundraise Tab";
			sourceTree = "<group>";
		};
		EAEB80931A68B2BA0056DBDB /* Game Tab */ = {
			isa = PBXGroup;
			children = (
				EAEB80961A68B38E0056DBDB /* GameViewController.swift */,
				EA616DAA1A6DF2AF005F7EB8 /* GameWebViewController.swift */,
			);
			name = "Game Tab";
			sourceTree = "<group>";
		};
/* End PBXGroup section */

/* Begin PBXNativeTarget section */
		EAC85D5519FA92BC006840A0 /* DMatUF */ = {
			isa = PBXNativeTarget;
			buildConfigurationList = EAC85D7719FA92BC006840A0 /* Build configuration list for PBXNativeTarget "DMatUF" */;
			buildPhases = (
				EAC85D5219FA92BC006840A0 /* Sources */,
				EAC85D5319FA92BC006840A0 /* Frameworks */,
				EAC85D5419FA92BC006840A0 /* Resources */,
				EA41E7171A313F5800903926 /* Embed App Extensions */,
				EA97C5641A36E2D300DC779C /* Embed Frameworks */,
			);
			buildRules = (
			);
			dependencies = (
			);
			name = DMatUF;
			productName = DMatUF;
			productReference = EAC85D5619FA92BC006840A0 /* DMatUF.app */;
			productType = "com.apple.product-type.application";
		};
		EAC85D6C19FA92BC006840A0 /* DMatUFTests */ = {
			isa = PBXNativeTarget;
			buildConfigurationList = EAC85D7A19FA92BC006840A0 /* Build configuration list for PBXNativeTarget "DMatUFTests" */;
			buildPhases = (
				EAC85D6919FA92BC006840A0 /* Sources */,
				EAC85D6A19FA92BC006840A0 /* Frameworks */,
				EAC85D6B19FA92BC006840A0 /* Resources */,
			);
			buildRules = (
			);
			dependencies = (
				EAC85D6F19FA92BC006840A0 /* PBXTargetDependency */,
			);
			name = DMatUFTests;
			productName = DMatUFTests;
			productReference = EAC85D6D19FA92BC006840A0 /* DMatUFTests.xctest */;
			productType = "com.apple.product-type.bundle.unit-test";
		};
/* End PBXNativeTarget section */

/* Begin PBXProject section */
		EAC85D4E19FA92BC006840A0 /* Project object */ = {
			isa = PBXProject;
			attributes = {
				LastUpgradeCheck = 0610;
				ORGANIZATIONNAME = MacCDevTeam;
				TargetAttributes = {
					EAC85D5519FA92BC006840A0 = {
						CreatedOnToolsVersion = 6.1;
						DevelopmentTeam = H5HQ99Y6FU;
						SystemCapabilities = {
							com.apple.BackgroundModes = {
								enabled = 1;
							};
						};
					};
					EAC85D6C19FA92BC006840A0 = {
						CreatedOnToolsVersion = 6.1;
						DevelopmentTeam = H5HQ99Y6FU;
						TestTargetID = EAC85D5519FA92BC006840A0;
					};
				};
			};
			buildConfigurationList = EAC85D5119FA92BC006840A0 /* Build configuration list for PBXProject "DMatUF" */;
			compatibilityVersion = "Xcode 3.2";
			developmentRegion = English;
			hasScannedForEncodings = 0;
			knownRegions = (
				en,
				Base,
			);
			mainGroup = EAC85D4D19FA92BC006840A0;
			productRefGroup = EAC85D5719FA92BC006840A0 /* Products */;
			projectDirPath = "";
			projectRoot = "";
			targets = (
				EAC85D5519FA92BC006840A0 /* DMatUF */,
				EAC85D6C19FA92BC006840A0 /* DMatUFTests */,
			);
		};
/* End PBXProject section */

/* Begin PBXResourcesBuildPhase section */
		EAC85D5419FA92BC006840A0 /* Resources */ = {
			isa = PBXResourcesBuildPhase;
			buildActionMask = 2147483647;
			files = (
				EA68B1371A3AAB1C0084271D /* agbookrounded-medium.otf in Resources */,
				EA68B12E1A396E8A0084271D /* AvenirLTStd-Light.otf in Resources */,
				EA68B12F1A396E8A0084271D /* AvenirLTStd-Roman.otf in Resources */,
				EA2AAD481A4F2D3600CCD01D /* Kids.plist in Resources */,
				EA4294F51A3AF59B0056A3D7 /* Bugs in Resources */,
				EAC85D6819FA92BC006840A0 /* LaunchScreen.xib in Resources */,
				EADB1A7D1A43C74600F46668 /* Main.storyboard in Resources */,
				EA68B1321A396FCF0084271D /* AvenirLTStd-Black.otf in Resources */,
				EAC85D6519FA92BC006840A0 /* Images.xcassets in Resources */,
				EA68B1301A396E8A0084271D /* Pacifico.ttf in Resources */,
			);
			runOnlyForDeploymentPostprocessing = 0;
		};
		EAC85D6B19FA92BC006840A0 /* Resources */ = {
			isa = PBXResourcesBuildPhase;
			buildActionMask = 2147483647;
			files = (
			);
			runOnlyForDeploymentPostprocessing = 0;
		};
/* End PBXResourcesBuildPhase section */

/* Begin PBXSourcesBuildPhase section */
		EAC85D5219FA92BC006840A0 /* Sources */ = {
			isa = PBXSourcesBuildPhase;
			buildActionMask = 2147483647;
			files = (
				EAC85D5C19FA92BC006840A0 /* AppDelegate.swift in Sources */,
				EA882C201A48F37B0039BC6C /* KidCell.swift in Sources */,
				EA2F1FAB19FAC671000C5685 /* EventViewControllerFetch.swift in Sources */,
				EAA6DA821A411CE90088B76E /* CountdownImageView.swift in Sources */,
				EA06890B1A34D53C006CD2E0 /* TabBarController.swift in Sources */,
				EAC85D8819FA93D6006840A0 /* HomeViewController.swift in Sources */,
				EAAA7A341A4607AD00990D15 /* AnnouncementsTableView.swift in Sources */,
				EA91BB141A75F4A50057D772 /* MapViewController.swift in Sources */,
				EA1AEEE91A71A3E900467179 /* EventDetailViewControllerEvents.swift in Sources */,
				EAC85D9019FA9598006840A0 /* Data.xcdatamodeld in Sources */,
				EA4407191A83411200DF5D6E /* UITextViewAutoHeight.swift in Sources */,
				EA2C8D9E1A51157200995A93 /* AboutViewController.swift in Sources */,
				EA2F1FA819FAC614000C5685 /* EventViewControllerCRUD.swift in Sources */,
				EA6917351A32DBC50024E35C /* CAFunctions.swift in Sources */,
				EA882C1C1A48F2D80039BC6C /* AnnouncementCell.swift in Sources */,
				EA74B8FF1A1E583E00B883BF /* KinteraViewController.swift in Sources */,
				EAFB3B8C1A3FD8F100CD0F12 /* Reachability.m in Sources */,
				EAA7F8CE1A46347300F7FACC /* Announcement.swift in Sources */,
				EAC85D8D19FA945C006840A0 /* EventDetailViewController.swift in Sources */,
				EAAA7A2E1A45FC5600990D15 /* HomeViewControllerFollow.swift in Sources */,
				EA5524151A7ACDE700380010 /* DropdownTableView.swift in Sources */,
				EA6B0E1419FBE9C6006CC2F2 /* KidsViewController.swift in Sources */,
				EA622B571A66580500926CE4 /* Kid.swift in Sources */,
				EAC85D9219FA96E4006840A0 /* Event.swift in Sources */,
				EA6B0E1619FBEBB9006CC2F2 /* KidDetailViewController.swift in Sources */,
				EAA041DC1A43A2410028C062 /* EventViewControllerFunctions.swift in Sources */,
				EAC85D8B19FA9446006840A0 /* EventViewController.swift in Sources */,
				EAC85D9419FA9DC8006840A0 /* EventCell.swift in Sources */,
				EAD6E7191A529C48001187E6 /* FundraiseViewController.swift in Sources */,
				EA2C8DA01A511E2D00995A93 /* AboutCells.swift in Sources */,
				EA06890D1A34E793006CD2E0 /* KinteraHubView.swift in Sources */,
				EABD13F81A533C1400A3C288 /* BFImageView.swift in Sources */,
				EA616DAB1A6DF2AF005F7EB8 /* GameWebViewController.swift in Sources */,
				EA318D8E1A2FDECB00F89F3B /* GoogleAnalytics.swift in Sources */,
				EAB757BA1A665ED700351F72 /* UIViewController+Kintera.swift in Sources */,
				EA41E72E1A3144B400903926 /* AF+Date+Extension.swift in Sources */,
				EAEB80971A68B38E0056DBDB /* GameViewController.swift in Sources */,
				EA5177401A4FF31500124F61 /* Reachability.swift in Sources */,
				EA6917331A325FF40024E35C /* Theme.swift in Sources */,
				EAB18CEE1A5E00130064BE45 /* BarButtonItems.swift in Sources */,
				EACF23FF1A7DB74E0076EBFD /* Category.swift in Sources */,
			);
			runOnlyForDeploymentPostprocessing = 0;
		};
		EAC85D6919FA92BC006840A0 /* Sources */ = {
			isa = PBXSourcesBuildPhase;
			buildActionMask = 2147483647;
			files = (
				EAC85D7419FA92BC006840A0 /* DMatUFTests.swift in Sources */,
			);
			runOnlyForDeploymentPostprocessing = 0;
		};
/* End PBXSourcesBuildPhase section */

/* Begin PBXTargetDependency section */
		EAC85D6F19FA92BC006840A0 /* PBXTargetDependency */ = {
			isa = PBXTargetDependency;
			target = EAC85D5519FA92BC006840A0 /* DMatUF */;
			targetProxy = EAC85D6E19FA92BC006840A0 /* PBXContainerItemProxy */;
		};
/* End PBXTargetDependency section */

/* Begin PBXVariantGroup section */
		EAC85D6619FA92BC006840A0 /* LaunchScreen.xib */ = {
			isa = PBXVariantGroup;
			children = (
				EAC85D6719FA92BC006840A0 /* Base */,
			);
			name = LaunchScreen.xib;
			sourceTree = "<group>";
		};
/* End PBXVariantGroup section */

/* Begin XCBuildConfiguration section */
		EA74B8FB1A1D648500B883BF /* Debug */ = {
			isa = XCBuildConfiguration;
			buildSettings = {
				ALWAYS_SEARCH_USER_PATHS = NO;
				CLANG_CXX_LANGUAGE_STANDARD = "gnu++0x";
				CLANG_CXX_LIBRARY = "libc++";
				CLANG_ENABLE_MODULES = YES;
				CLANG_ENABLE_OBJC_ARC = YES;
				CLANG_WARN_BOOL_CONVERSION = YES;
				CLANG_WARN_CONSTANT_CONVERSION = YES;
				CLANG_WARN_DIRECT_OBJC_ISA_USAGE = YES_ERROR;
				CLANG_WARN_EMPTY_BODY = YES;
				CLANG_WARN_ENUM_CONVERSION = YES;
				CLANG_WARN_INT_CONVERSION = YES;
				CLANG_WARN_OBJC_ROOT_CLASS = YES_ERROR;
				CLANG_WARN_UNREACHABLE_CODE = YES;
				CLANG_WARN__DUPLICATE_METHOD_MATCH = YES;
				CODE_SIGN_IDENTITY = "iPhone Developer: Alex Migdall (9HD6R7657D)";
				"CODE_SIGN_IDENTITY[sdk=iphoneos*]" = "iPhone Developer";
				COPY_PHASE_STRIP = YES;
				ENABLE_NS_ASSERTIONS = NO;
				ENABLE_STRICT_OBJC_MSGSEND = YES;
				GCC_C_LANGUAGE_STANDARD = gnu99;
				GCC_WARN_64_TO_32_BIT_CONVERSION = YES;
				GCC_WARN_ABOUT_RETURN_TYPE = YES_ERROR;
				GCC_WARN_UNDECLARED_SELECTOR = YES;
				GCC_WARN_UNINITIALIZED_AUTOS = YES_AGGRESSIVE;
				GCC_WARN_UNUSED_FUNCTION = YES;
				GCC_WARN_UNUSED_VARIABLE = YES;
				IPHONEOS_DEPLOYMENT_TARGET = 7.0;
				MTL_ENABLE_DEBUG_INFO = NO;
				PROVISIONING_PROFILE = "c1d11780-8afa-42ef-8b55-baf8453379e8";
				SDKROOT = iphoneos;
				TARGETED_DEVICE_FAMILY = "1,2";
				VALIDATE_PRODUCT = YES;
			};
			name = Debug;
		};
		EA74B8FC1A1D648500B883BF /* Debug */ = {
			isa = XCBuildConfiguration;
			buildSettings = {
				ASSETCATALOG_COMPILER_APPICON_NAME = AppIcon;
				ASSETCATALOG_COMPILER_LAUNCHIMAGE_NAME = LaunchImage;
				CODE_SIGN_IDENTITY = "iPhone Developer";
				"CODE_SIGN_IDENTITY[sdk=iphoneos*]" = "iPhone Developer";
				EMBEDDED_CONTENT_CONTAINS_SWIFT = YES;
				FRAMEWORK_SEARCH_PATHS = (
					"$(inherited)",
					"$(PROJECT_DIR)/parse-library-1",
				);
				GCC_OPTIMIZATION_LEVEL = 0;
				INFOPLIST_FILE = DMatUF/Info.plist;
				IPHONEOS_DEPLOYMENT_TARGET = 7.0;
				LD_RUNPATH_SEARCH_PATHS = "$(inherited) @executable_path/Frameworks";
				LIBRARY_SEARCH_PATHS = (
					"$(inherited)",
					"$(PROJECT_DIR)/DMatUF",
				);
				PRODUCT_NAME = "$(TARGET_NAME)";
				PROVISIONING_PROFILE = "";
				SWIFT_OBJC_BRIDGING_HEADER = /Users/iancmaccallum/Documents/GitHub/DMatUF/DMatUF/Bridge.h;
				TARGETED_DEVICE_FAMILY = "1,2";
			};
			name = Debug;
		};
		EA74B8FD1A1D648500B883BF /* Debug */ = {
			isa = XCBuildConfiguration;
			buildSettings = {
				BUNDLE_LOADER = "$(TEST_HOST)";
				CODE_SIGN_IDENTITY = "iPhone Developer";
				"CODE_SIGN_IDENTITY[sdk=iphoneos*]" = "iPhone Developer";
				FRAMEWORK_SEARCH_PATHS = (
					"$(SDKROOT)/Developer/Library/Frameworks",
					"$(inherited)",
				);
				INFOPLIST_FILE = DMatUFTests/Info.plist;
				LD_RUNPATH_SEARCH_PATHS = "$(inherited) @executable_path/Frameworks @loader_path/Frameworks";
				PRODUCT_NAME = "$(TARGET_NAME)";
				PROVISIONING_PROFILE = "";
				TEST_HOST = "$(BUILT_PRODUCTS_DIR)/DMatUF.app/DMatUF";
			};
			name = Debug;
		};
		EAC85D7619FA92BC006840A0 /* Release */ = {
			isa = XCBuildConfiguration;
			buildSettings = {
				ALWAYS_SEARCH_USER_PATHS = NO;
				CLANG_CXX_LANGUAGE_STANDARD = "gnu++0x";
				CLANG_CXX_LIBRARY = "libc++";
				CLANG_ENABLE_MODULES = YES;
				CLANG_ENABLE_OBJC_ARC = YES;
				CLANG_WARN_BOOL_CONVERSION = YES;
				CLANG_WARN_CONSTANT_CONVERSION = YES;
				CLANG_WARN_DIRECT_OBJC_ISA_USAGE = YES_ERROR;
				CLANG_WARN_EMPTY_BODY = YES;
				CLANG_WARN_ENUM_CONVERSION = YES;
				CLANG_WARN_INT_CONVERSION = YES;
				CLANG_WARN_OBJC_ROOT_CLASS = YES_ERROR;
				CLANG_WARN_UNREACHABLE_CODE = YES;
				CLANG_WARN__DUPLICATE_METHOD_MATCH = YES;
				CODE_SIGN_IDENTITY = "iPhone Distribution: Southeastern Healthcare Foundation, Inc.";
				"CODE_SIGN_IDENTITY[sdk=iphoneos*]" = "iPhone Distribution";
				COPY_PHASE_STRIP = YES;
				ENABLE_NS_ASSERTIONS = NO;
				ENABLE_STRICT_OBJC_MSGSEND = YES;
				GCC_C_LANGUAGE_STANDARD = gnu99;
				GCC_WARN_64_TO_32_BIT_CONVERSION = YES;
				GCC_WARN_ABOUT_RETURN_TYPE = YES_ERROR;
				GCC_WARN_UNDECLARED_SELECTOR = YES;
				GCC_WARN_UNINITIALIZED_AUTOS = YES_AGGRESSIVE;
				GCC_WARN_UNUSED_FUNCTION = YES;
				GCC_WARN_UNUSED_VARIABLE = YES;
				IPHONEOS_DEPLOYMENT_TARGET = 7.0;
				MTL_ENABLE_DEBUG_INFO = NO;
				PROVISIONING_PROFILE = "9c99ee5c-83f8-40d8-868e-15e1f6384fd7";
				SDKROOT = iphoneos;
				TARGETED_DEVICE_FAMILY = "1,2";
				VALIDATE_PRODUCT = YES;
			};
			name = Release;
		};
		EAC85D7919FA92BC006840A0 /* Release */ = {
			isa = XCBuildConfiguration;
			buildSettings = {
				ASSETCATALOG_COMPILER_APPICON_NAME = AppIcon;
				ASSETCATALOG_COMPILER_LAUNCHIMAGE_NAME = LaunchImage;
				CODE_SIGN_IDENTITY = "iPhone Developer";
				"CODE_SIGN_IDENTITY[sdk=iphoneos*]" = "iPhone Developer";
				EMBEDDED_CONTENT_CONTAINS_SWIFT = YES;
				FRAMEWORK_SEARCH_PATHS = (
					"$(inherited)",
					"$(PROJECT_DIR)/parse-library-1",
				);
				INFOPLIST_FILE = DMatUF/Info.plist;
				IPHONEOS_DEPLOYMENT_TARGET = 7.0;
				LD_RUNPATH_SEARCH_PATHS = "$(inherited) @executable_path/Frameworks";
				LIBRARY_SEARCH_PATHS = (
					"$(inherited)",
					"$(PROJECT_DIR)/DMatUF",
				);
				PRODUCT_NAME = "$(TARGET_NAME)";
				PROVISIONING_PROFILE = "";
				SWIFT_OBJC_BRIDGING_HEADER = /Users/iancmaccallum/Documents/GitHub/DMatUF/DMatUF/Bridge.h;
				TARGETED_DEVICE_FAMILY = "1,2";
			};
			name = Release;
		};
		EAC85D7C19FA92BC006840A0 /* Release */ = {
			isa = XCBuildConfiguration;
			buildSettings = {
				BUNDLE_LOADER = "$(TEST_HOST)";
				CODE_SIGN_IDENTITY = "iPhone Developer";
				"CODE_SIGN_IDENTITY[sdk=iphoneos*]" = "iPhone Developer";
				FRAMEWORK_SEARCH_PATHS = (
					"$(SDKROOT)/Developer/Library/Frameworks",
					"$(inherited)",
				);
				INFOPLIST_FILE = DMatUFTests/Info.plist;
				LD_RUNPATH_SEARCH_PATHS = "$(inherited) @executable_path/Frameworks @loader_path/Frameworks";
				PRODUCT_NAME = "$(TARGET_NAME)";
				PROVISIONING_PROFILE = "";
				TEST_HOST = "$(BUILT_PRODUCTS_DIR)/DMatUF.app/DMatUF";
			};
			name = Release;
		};
/* End XCBuildConfiguration section */

/* Begin XCConfigurationList section */
		EAC85D5119FA92BC006840A0 /* Build configuration list for PBXProject "DMatUF" */ = {
			isa = XCConfigurationList;
			buildConfigurations = (
				EAC85D7619FA92BC006840A0 /* Release */,
				EA74B8FB1A1D648500B883BF /* Debug */,
			);
			defaultConfigurationIsVisible = 0;
			defaultConfigurationName = Debug;
		};
		EAC85D7719FA92BC006840A0 /* Build configuration list for PBXNativeTarget "DMatUF" */ = {
			isa = XCConfigurationList;
			buildConfigurations = (
				EAC85D7919FA92BC006840A0 /* Release */,
				EA74B8FC1A1D648500B883BF /* Debug */,
			);
			defaultConfigurationIsVisible = 0;
			defaultConfigurationName = Debug;
		};
		EAC85D7A19FA92BC006840A0 /* Build configuration list for PBXNativeTarget "DMatUFTests" */ = {
			isa = XCConfigurationList;
			buildConfigurations = (
				EAC85D7C19FA92BC006840A0 /* Release */,
				EA74B8FD1A1D648500B883BF /* Debug */,
			);
			defaultConfigurationIsVisible = 0;
			defaultConfigurationName = Debug;
		};
/* End XCConfigurationList section */

/* Begin XCVersionGroup section */
		EAC85D8E19FA9598006840A0 /* Data.xcdatamodeld */ = {
			isa = XCVersionGroup;
			children = (
				EAEB808E1A683B2F0056DBDB /* Data 2.xcdatamodel */,
				EAC85D8F19FA9598006840A0 /* Data.xcdatamodel */,
			);
			currentVersion = EAC85D8F19FA9598006840A0 /* Data.xcdatamodel */;
			path = Data.xcdatamodeld;
			sourceTree = "<group>";
			versionGroupType = wrapper.xcdatamodel;
		};
/* End XCVersionGroup section */
	};
	rootObject = EAC85D4E19FA92BC006840A0 /* Project object */;
}
