// !$*UTF8*$!
{
	archiveVersion = 1;
	classes = {
	};
	objectVersion = 46;
	objects = {

/* Begin PBXBuildFile section */
		EA2F1FA819FAC614000C5685 /* EventViewController_CRUD.swift in Sources */ = {isa = PBXBuildFile; fileRef = EA2F1FA719FAC614000C5685 /* EventViewController_CRUD.swift */; };
		EA2F1FAB19FAC671000C5685 /* EventViewController_Fetch.swift in Sources */ = {isa = PBXBuildFile; fileRef = EA2F1FAA19FAC671000C5685 /* EventViewController_Fetch.swift */; };
		EA2F1FAD19FAC72C000C5685 /* Header.swift in Sources */ = {isa = PBXBuildFile; fileRef = EA2F1FAC19FAC72C000C5685 /* Header.swift */; };
		EA5DBD9319FE7DB70085DC14 /* SocialViewController.swift in Sources */ = {isa = PBXBuildFile; fileRef = EA5DBD9219FE7DB70085DC14 /* SocialViewController.swift */; };
		EA5DBD9A19FE9FA20085DC14 /* InstagramView.swift in Sources */ = {isa = PBXBuildFile; fileRef = EA5DBD9919FE9FA20085DC14 /* InstagramView.swift */; };
		EA5DBD9C19FEA12D0085DC14 /* InstagramView.xib in Resources */ = {isa = PBXBuildFile; fileRef = EA5DBD9B19FEA12D0085DC14 /* InstagramView.xib */; };
		EA6401FB19FBF3F400C7167C /* Kids.plist in Resources */ = {isa = PBXBuildFile; fileRef = EA6401FA19FBF3F400C7167C /* Kids.plist */; };
		EA6B0E1419FBE9C6006CC2F2 /* KidsViewController.swift in Sources */ = {isa = PBXBuildFile; fileRef = EA6B0E1319FBE9C6006CC2F2 /* KidsViewController.swift */; };
		EA6B0E1619FBEBB9006CC2F2 /* KidDetailViewController.swift in Sources */ = {isa = PBXBuildFile; fileRef = EA6B0E1519FBEBB9006CC2F2 /* KidDetailViewController.swift */; };
		EA7D02B919FAAC9A005406E4 /* Date.swift in Sources */ = {isa = PBXBuildFile; fileRef = EA7D02B819FAAC9A005406E4 /* Date.swift */; };
		EAC85D5C19FA92BC006840A0 /* AppDelegate.swift in Sources */ = {isa = PBXBuildFile; fileRef = EAC85D5B19FA92BC006840A0 /* AppDelegate.swift */; };
		EAC85D6319FA92BC006840A0 /* Main.storyboard in Resources */ = {isa = PBXBuildFile; fileRef = EAC85D6119FA92BC006840A0 /* Main.storyboard */; };
		EAC85D6519FA92BC006840A0 /* Images.xcassets in Resources */ = {isa = PBXBuildFile; fileRef = EAC85D6419FA92BC006840A0 /* Images.xcassets */; };
		EAC85D6819FA92BC006840A0 /* LaunchScreen.xib in Resources */ = {isa = PBXBuildFile; fileRef = EAC85D6619FA92BC006840A0 /* LaunchScreen.xib */; };
		EAC85D7419FA92BC006840A0 /* DMatUFTests.swift in Sources */ = {isa = PBXBuildFile; fileRef = EAC85D7319FA92BC006840A0 /* DMatUFTests.swift */; };
		EAC85D7E19FA92CC006840A0 /* CoreData.framework in Frameworks */ = {isa = PBXBuildFile; fileRef = EAC85D7D19FA92CC006840A0 /* CoreData.framework */; };
		EAC85D8119FA92D3006840A0 /* EventKit.framework in Frameworks */ = {isa = PBXBuildFile; fileRef = EAC85D7F19FA92D3006840A0 /* EventKit.framework */; };
		EAC85D8219FA92D3006840A0 /* EventKitUI.framework in Frameworks */ = {isa = PBXBuildFile; fileRef = EAC85D8019FA92D3006840A0 /* EventKitUI.framework */; };
		EAC85D8419FA92DC006840A0 /* Foundation.framework in Frameworks */ = {isa = PBXBuildFile; fileRef = EAC85D8319FA92DC006840A0 /* Foundation.framework */; };
		EAC85D8619FA92E3006840A0 /* UIKit.framework in Frameworks */ = {isa = PBXBuildFile; fileRef = EAC85D8519FA92E3006840A0 /* UIKit.framework */; };
		EAC85D8819FA93D6006840A0 /* HomeViewController.swift in Sources */ = {isa = PBXBuildFile; fileRef = EAC85D8719FA93D6006840A0 /* HomeViewController.swift */; };
		EAC85D8B19FA9446006840A0 /* EventViewController.swift in Sources */ = {isa = PBXBuildFile; fileRef = EAC85D8A19FA9446006840A0 /* EventViewController.swift */; };
		EAC85D8D19FA945C006840A0 /* EventDetailViewController.swift in Sources */ = {isa = PBXBuildFile; fileRef = EAC85D8C19FA945C006840A0 /* EventDetailViewController.swift */; };
		EAC85D9019FA9598006840A0 /* Data.xcdatamodeld in Sources */ = {isa = PBXBuildFile; fileRef = EAC85D8E19FA9598006840A0 /* Data.xcdatamodeld */; };
		EAC85D9219FA96E4006840A0 /* Event.swift in Sources */ = {isa = PBXBuildFile; fileRef = EAC85D9119FA96E4006840A0 /* Event.swift */; };
		EAC85D9419FA9DC8006840A0 /* EventCell.swift in Sources */ = {isa = PBXBuildFile; fileRef = EAC85D9319FA9DC8006840A0 /* EventCell.swift */; };
		EAC85D9719FAA78F006840A0 /* EventViewController_Context.swift in Sources */ = {isa = PBXBuildFile; fileRef = EAC85D9619FAA78F006840A0 /* EventViewController_Context.swift */; };
/* End PBXBuildFile section */

/* Begin PBXContainerItemProxy section */
		EAC85D6E19FA92BC006840A0 /* PBXContainerItemProxy */ = {
			isa = PBXContainerItemProxy;
			containerPortal = EAC85D4E19FA92BC006840A0 /* Project object */;
			proxyType = 1;
			remoteGlobalIDString = EAC85D5519FA92BC006840A0;
			remoteInfo = DMatUF;
		};
/* End PBXContainerItemProxy section */

/* Begin PBXFileReference section */
		EA2F1FA719FAC614000C5685 /* EventViewController_CRUD.swift */ = {isa = PBXFileReference; fileEncoding = 4; lastKnownFileType = sourcecode.swift; path = EventViewController_CRUD.swift; sourceTree = "<group>"; };
		EA2F1FAA19FAC671000C5685 /* EventViewController_Fetch.swift */ = {isa = PBXFileReference; fileEncoding = 4; lastKnownFileType = sourcecode.swift; path = EventViewController_Fetch.swift; sourceTree = "<group>"; };
		EA2F1FAC19FAC72C000C5685 /* Header.swift */ = {isa = PBXFileReference; fileEncoding = 4; lastKnownFileType = sourcecode.swift; path = Header.swift; sourceTree = "<group>"; };
		EA5DBD9219FE7DB70085DC14 /* SocialViewController.swift */ = {isa = PBXFileReference; fileEncoding = 4; lastKnownFileType = sourcecode.swift; path = SocialViewController.swift; sourceTree = "<group>"; };
		EA5DBD9919FE9FA20085DC14 /* InstagramView.swift */ = {isa = PBXFileReference; fileEncoding = 4; lastKnownFileType = sourcecode.swift; path = InstagramView.swift; sourceTree = "<group>"; };
		EA5DBD9B19FEA12D0085DC14 /* InstagramView.xib */ = {isa = PBXFileReference; fileEncoding = 4; lastKnownFileType = file.xib; path = InstagramView.xib; sourceTree = "<group>"; };
		EA6401FA19FBF3F400C7167C /* Kids.plist */ = {isa = PBXFileReference; fileEncoding = 4; lastKnownFileType = text.plist.xml; path = Kids.plist; sourceTree = "<group>"; };
		EA6B0E1319FBE9C6006CC2F2 /* KidsViewController.swift */ = {isa = PBXFileReference; fileEncoding = 4; lastKnownFileType = sourcecode.swift; path = KidsViewController.swift; sourceTree = "<group>"; };
		EA6B0E1519FBEBB9006CC2F2 /* KidDetailViewController.swift */ = {isa = PBXFileReference; fileEncoding = 4; lastKnownFileType = sourcecode.swift; path = KidDetailViewController.swift; sourceTree = "<group>"; };
		EA7D02B819FAAC9A005406E4 /* Date.swift */ = {isa = PBXFileReference; fileEncoding = 4; lastKnownFileType = sourcecode.swift; path = Date.swift; sourceTree = "<group>"; };
		EA7D02BA19FAC28F005406E4 /* Sandbox.playground */ = {isa = PBXFileReference; lastKnownFileType = file.playground; path = Sandbox.playground; sourceTree = "<group>"; };
		EAC85D5619FA92BC006840A0 /* DMatUF.app */ = {isa = PBXFileReference; explicitFileType = wrapper.application; includeInIndex = 0; path = DMatUF.app; sourceTree = BUILT_PRODUCTS_DIR; };
		EAC85D5A19FA92BC006840A0 /* Info.plist */ = {isa = PBXFileReference; lastKnownFileType = text.plist.xml; path = Info.plist; sourceTree = "<group>"; };
		EAC85D5B19FA92BC006840A0 /* AppDelegate.swift */ = {isa = PBXFileReference; lastKnownFileType = sourcecode.swift; path = AppDelegate.swift; sourceTree = "<group>"; };
		EAC85D6219FA92BC006840A0 /* Base */ = {isa = PBXFileReference; lastKnownFileType = file.storyboard; name = Base; path = Base.lproj/Main.storyboard; sourceTree = "<group>"; };
		EAC85D6419FA92BC006840A0 /* Images.xcassets */ = {isa = PBXFileReference; lastKnownFileType = folder.assetcatalog; path = Images.xcassets; sourceTree = "<group>"; };
		EAC85D6719FA92BC006840A0 /* Base */ = {isa = PBXFileReference; lastKnownFileType = file.xib; name = Base; path = Base.lproj/LaunchScreen.xib; sourceTree = "<group>"; };
		EAC85D6D19FA92BC006840A0 /* DMatUFTests.xctest */ = {isa = PBXFileReference; explicitFileType = wrapper.cfbundle; includeInIndex = 0; path = DMatUFTests.xctest; sourceTree = BUILT_PRODUCTS_DIR; };
		EAC85D7219FA92BC006840A0 /* Info.plist */ = {isa = PBXFileReference; lastKnownFileType = text.plist.xml; path = Info.plist; sourceTree = "<group>"; };
		EAC85D7319FA92BC006840A0 /* DMatUFTests.swift */ = {isa = PBXFileReference; lastKnownFileType = sourcecode.swift; path = DMatUFTests.swift; sourceTree = "<group>"; };
		EAC85D7D19FA92CC006840A0 /* CoreData.framework */ = {isa = PBXFileReference; lastKnownFileType = wrapper.framework; name = CoreData.framework; path = System/Library/Frameworks/CoreData.framework; sourceTree = SDKROOT; };
		EAC85D7F19FA92D3006840A0 /* EventKit.framework */ = {isa = PBXFileReference; lastKnownFileType = wrapper.framework; name = EventKit.framework; path = System/Library/Frameworks/EventKit.framework; sourceTree = SDKROOT; };
		EAC85D8019FA92D3006840A0 /* EventKitUI.framework */ = {isa = PBXFileReference; lastKnownFileType = wrapper.framework; name = EventKitUI.framework; path = System/Library/Frameworks/EventKitUI.framework; sourceTree = SDKROOT; };
		EAC85D8319FA92DC006840A0 /* Foundation.framework */ = {isa = PBXFileReference; lastKnownFileType = wrapper.framework; name = Foundation.framework; path = System/Library/Frameworks/Foundation.framework; sourceTree = SDKROOT; };
		EAC85D8519FA92E3006840A0 /* UIKit.framework */ = {isa = PBXFileReference; lastKnownFileType = wrapper.framework; name = UIKit.framework; path = System/Library/Frameworks/UIKit.framework; sourceTree = SDKROOT; };
		EAC85D8719FA93D6006840A0 /* HomeViewController.swift */ = {isa = PBXFileReference; fileEncoding = 4; lastKnownFileType = sourcecode.swift; path = HomeViewController.swift; sourceTree = "<group>"; };
		EAC85D8A19FA9446006840A0 /* EventViewController.swift */ = {isa = PBXFileReference; fileEncoding = 4; lastKnownFileType = sourcecode.swift; path = EventViewController.swift; sourceTree = "<group>"; };
		EAC85D8C19FA945C006840A0 /* EventDetailViewController.swift */ = {isa = PBXFileReference; fileEncoding = 4; lastKnownFileType = sourcecode.swift; path = EventDetailViewController.swift; sourceTree = "<group>"; };
		EAC85D8F19FA9598006840A0 /* Data.xcdatamodel */ = {isa = PBXFileReference; lastKnownFileType = wrapper.xcdatamodel; path = Data.xcdatamodel; sourceTree = "<group>"; };
		EAC85D9119FA96E4006840A0 /* Event.swift */ = {isa = PBXFileReference; fileEncoding = 4; lastKnownFileType = sourcecode.swift; path = Event.swift; sourceTree = "<group>"; };
		EAC85D9319FA9DC8006840A0 /* EventCell.swift */ = {isa = PBXFileReference; fileEncoding = 4; lastKnownFileType = sourcecode.swift; path = EventCell.swift; sourceTree = "<group>"; };
		EAC85D9619FAA78F006840A0 /* EventViewController_Context.swift */ = {isa = PBXFileReference; fileEncoding = 4; lastKnownFileType = sourcecode.swift; path = EventViewController_Context.swift; sourceTree = "<group>"; };
/* End PBXFileReference section */

/* Begin PBXFrameworksBuildPhase section */
		EAC85D5319FA92BC006840A0 /* Frameworks */ = {
			isa = PBXFrameworksBuildPhase;
			buildActionMask = 2147483647;
			files = (
				EAC85D8619FA92E3006840A0 /* UIKit.framework in Frameworks */,
				EAC85D8419FA92DC006840A0 /* Foundation.framework in Frameworks */,
				EAC85D8119FA92D3006840A0 /* EventKit.framework in Frameworks */,
				EAC85D8219FA92D3006840A0 /* EventKitUI.framework in Frameworks */,
				EAC85D7E19FA92CC006840A0 /* CoreData.framework in Frameworks */,
			);
			runOnlyForDeploymentPostprocessing = 0;
		};
		EAC85D6A19FA92BC006840A0 /* Frameworks */ = {
			isa = PBXFrameworksBuildPhase;
			buildActionMask = 2147483647;
			files = (
			);
			runOnlyForDeploymentPostprocessing = 0;
		};
/* End PBXFrameworksBuildPhase section */

/* Begin PBXGroup section */
		EA2F1FA619FAC581000C5685 /* Event Extensions */ = {
			isa = PBXGroup;
			children = (
				EAC85D9619FAA78F006840A0 /* EventViewController_Context.swift */,
				EA2F1FA719FAC614000C5685 /* EventViewController_CRUD.swift */,
				EA2F1FAA19FAC671000C5685 /* EventViewController_Fetch.swift */,
			);
			name = "Event Extensions";
			sourceTree = "<group>";
		};
		EA2F1FA919FAC624000C5685 /* Home Tab */ = {
			isa = PBXGroup;
			children = (
				EAC85D8719FA93D6006840A0 /* HomeViewController.swift */,
			);
			name = "Home Tab";
			sourceTree = "<group>";
		};
		EA2F1FAE19FAD80D000C5685 /* Event Subclasses */ = {
			isa = PBXGroup;
			children = (
				EAC85D9119FA96E4006840A0 /* Event.swift */,
				EAC85D9319FA9DC8006840A0 /* EventCell.swift */,
				EA2F1FAC19FAC72C000C5685 /* Header.swift */,
			);
			name = "Event Subclasses";
			sourceTree = "<group>";
		};
		EA5DBD9419FE7DBC0085DC14 /* Social Tab */ = {
			isa = PBXGroup;
			children = (
				EA5DBD9219FE7DB70085DC14 /* SocialViewController.swift */,
				EA5DBD9519FE9F5B0085DC14 /* Instagram */,
				EA5DBD9619FE9F6A0085DC14 /* Twitter */,
				EA5DBD9719FE9F700085DC14 /* Facebook */,
				EA5DBD9819FE9F780085DC14 /* YouTube */,
			);
			name = "Social Tab";
			sourceTree = "<group>";
		};
		EA5DBD9519FE9F5B0085DC14 /* Instagram */ = {
			isa = PBXGroup;
			children = (
				EA5DBD9919FE9FA20085DC14 /* InstagramView.swift */,
				EA5DBD9B19FEA12D0085DC14 /* InstagramView.xib */,
			);
			name = Instagram;
			sourceTree = "<group>";
		};
		EA5DBD9619FE9F6A0085DC14 /* Twitter */ = {
			isa = PBXGroup;
			children = (
			);
			name = Twitter;
			sourceTree = "<group>";
		};
		EA5DBD9719FE9F700085DC14 /* Facebook */ = {
			isa = PBXGroup;
			children = (
			);
			name = Facebook;
			sourceTree = "<group>";
		};
		EA5DBD9819FE9F780085DC14 /* YouTube */ = {
			isa = PBXGroup;
			children = (
			);
			name = YouTube;
			sourceTree = "<group>";
		};
		EA6B0E1219FBE995006CC2F2 /* Kids Tab */ = {
			isa = PBXGroup;
			children = (
				EA6401FA19FBF3F400C7167C /* Kids.plist */,
				EA6B0E1319FBE9C6006CC2F2 /* KidsViewController.swift */,
				EA6B0E1519FBEBB9006CC2F2 /* KidDetailViewController.swift */,
			);
			name = "Kids Tab";
			sourceTree = "<group>";
		};
		EAC85D4D19FA92BC006840A0 = {
			isa = PBXGroup;
			children = (
				EAC85D8519FA92E3006840A0 /* UIKit.framework */,
				EAC85D8319FA92DC006840A0 /* Foundation.framework */,
				EAC85D7F19FA92D3006840A0 /* EventKit.framework */,
				EAC85D8019FA92D3006840A0 /* EventKitUI.framework */,
				EAC85D7D19FA92CC006840A0 /* CoreData.framework */,
				EAC85D5819FA92BC006840A0 /* DMatUF */,
				EAC85D7019FA92BC006840A0 /* DMatUFTests */,
				EAC85D5719FA92BC006840A0 /* Products */,
			);
			sourceTree = "<group>";
		};
		EAC85D5719FA92BC006840A0 /* Products */ = {
			isa = PBXGroup;
			children = (
				EAC85D5619FA92BC006840A0 /* DMatUF.app */,
				EAC85D6D19FA92BC006840A0 /* DMatUFTests.xctest */,
			);
			name = Products;
			sourceTree = "<group>";
		};
		EAC85D5819FA92BC006840A0 /* DMatUF */ = {
			isa = PBXGroup;
			children = (
				EAC85D9519FAA766006840A0 /* Extensions */,
				EAC85D6419FA92BC006840A0 /* Images.xcassets */,
				EAC85D8E19FA9598006840A0 /* Data.xcdatamodeld */,
				EAC85D6119FA92BC006840A0 /* Main.storyboard */,
				EAC85D5B19FA92BC006840A0 /* AppDelegate.swift */,
				EA2F1FA919FAC624000C5685 /* Home Tab */,
				EAC85D8919FA9432006840A0 /* Events Tab */,
				EA6B0E1219FBE995006CC2F2 /* Kids Tab */,
				EA5DBD9419FE7DBC0085DC14 /* Social Tab */,
				EAC85D5919FA92BC006840A0 /* Supporting Files */,
			);
			path = DMatUF;
			sourceTree = "<group>";
		};
		EAC85D5919FA92BC006840A0 /* Supporting Files */ = {
			isa = PBXGroup;
			children = (
				EAC85D6619FA92BC006840A0 /* LaunchScreen.xib */,
				EAC85D5A19FA92BC006840A0 /* Info.plist */,
			);
			name = "Supporting Files";
			sourceTree = "<group>";
		};
		EAC85D7019FA92BC006840A0 /* DMatUFTests */ = {
			isa = PBXGroup;
			children = (
				EAC85D7319FA92BC006840A0 /* DMatUFTests.swift */,
				EAC85D7119FA92BC006840A0 /* Supporting Files */,
			);
			path = DMatUFTests;
			sourceTree = "<group>";
		};
		EAC85D7119FA92BC006840A0 /* Supporting Files */ = {
			isa = PBXGroup;
			children = (
				EAC85D7219FA92BC006840A0 /* Info.plist */,
			);
			name = "Supporting Files";
			sourceTree = "<group>";
		};
		EAC85D8919FA9432006840A0 /* Events Tab */ = {
			isa = PBXGroup;
			children = (
				EAC85D8A19FA9446006840A0 /* EventViewController.swift */,
				EA2F1FAE19FAD80D000C5685 /* Event Subclasses */,
				EA2F1FA619FAC581000C5685 /* Event Extensions */,
				EAC85D8C19FA945C006840A0 /* EventDetailViewController.swift */,
			);
			name = "Events Tab";
			sourceTree = "<group>";
		};
		EAC85D9519FAA766006840A0 /* Extensions */ = {
			isa = PBXGroup;
			children = (
				EA7D02B819FAAC9A005406E4 /* Date.swift */,
				EA7D02BA19FAC28F005406E4 /* Sandbox.playground */,
			);
			name = Extensions;
			sourceTree = "<group>";
		};
/* End PBXGroup section */

/* Begin PBXNativeTarget section */
		EAC85D5519FA92BC006840A0 /* DMatUF */ = {
			isa = PBXNativeTarget;
			buildConfigurationList = EAC85D7719FA92BC006840A0 /* Build configuration list for PBXNativeTarget "DMatUF" */;
			buildPhases = (
				EAC85D5219FA92BC006840A0 /* Sources */,
				EAC85D5319FA92BC006840A0 /* Frameworks */,
				EAC85D5419FA92BC006840A0 /* Resources */,
			);
			buildRules = (
			);
			dependencies = (
			);
			name = DMatUF;
			productName = DMatUF;
			productReference = EAC85D5619FA92BC006840A0 /* DMatUF.app */;
			productType = "com.apple.product-type.application";
		};
		EAC85D6C19FA92BC006840A0 /* DMatUFTests */ = {
			isa = PBXNativeTarget;
			buildConfigurationList = EAC85D7A19FA92BC006840A0 /* Build configuration list for PBXNativeTarget "DMatUFTests" */;
			buildPhases = (
				EAC85D6919FA92BC006840A0 /* Sources */,
				EAC85D6A19FA92BC006840A0 /* Frameworks */,
				EAC85D6B19FA92BC006840A0 /* Resources */,
			);
			buildRules = (
			);
			dependencies = (
				EAC85D6F19FA92BC006840A0 /* PBXTargetDependency */,
			);
			name = DMatUFTests;
			productName = DMatUFTests;
			productReference = EAC85D6D19FA92BC006840A0 /* DMatUFTests.xctest */;
			productType = "com.apple.product-type.bundle.unit-test";
		};
/* End PBXNativeTarget section */

/* Begin PBXProject section */
		EAC85D4E19FA92BC006840A0 /* Project object */ = {
			isa = PBXProject;
			attributes = {
				LastUpgradeCheck = 0610;
				ORGANIZATIONNAME = MacCDevTeam;
				TargetAttributes = {
					EAC85D5519FA92BC006840A0 = {
						CreatedOnToolsVersion = 6.1;
					};
					EAC85D6C19FA92BC006840A0 = {
						CreatedOnToolsVersion = 6.1;
						TestTargetID = EAC85D5519FA92BC006840A0;
					};
				};
			};
			buildConfigurationList = EAC85D5119FA92BC006840A0 /* Build configuration list for PBXProject "DMatUF" */;
			compatibilityVersion = "Xcode 3.2";
			developmentRegion = English;
			hasScannedForEncodings = 0;
			knownRegions = (
				en,
				Base,
			);
			mainGroup = EAC85D4D19FA92BC006840A0;
			productRefGroup = EAC85D5719FA92BC006840A0 /* Products */;
			projectDirPath = "";
			projectRoot = "";
			targets = (
				EAC85D5519FA92BC006840A0 /* DMatUF */,
				EAC85D6C19FA92BC006840A0 /* DMatUFTests */,
			);
		};
/* End PBXProject section */

/* Begin PBXResourcesBuildPhase section */
		EAC85D5419FA92BC006840A0 /* Resources */ = {
			isa = PBXResourcesBuildPhase;
			buildActionMask = 2147483647;
			files = (
				EAC85D6319FA92BC006840A0 /* Main.storyboard in Resources */,
				EAC85D6819FA92BC006840A0 /* LaunchScreen.xib in Resources */,
				EAC85D6519FA92BC006840A0 /* Images.xcassets in Resources */,
				EA6401FB19FBF3F400C7167C /* Kids.plist in Resources */,
				EA5DBD9C19FEA12D0085DC14 /* InstagramView.xib in Resources */,
			);
			runOnlyForDeploymentPostprocessing = 0;
		};
		EAC85D6B19FA92BC006840A0 /* Resources */ = {
			isa = PBXResourcesBuildPhase;
			buildActionMask = 2147483647;
			files = (
			);
			runOnlyForDeploymentPostprocessing = 0;
		};
/* End PBXResourcesBuildPhase section */

/* Begin PBXSourcesBuildPhase section */
		EAC85D5219FA92BC006840A0 /* Sources */ = {
			isa = PBXSourcesBuildPhase;
			buildActionMask = 2147483647;
			files = (
				EA5DBD9319FE7DB70085DC14 /* SocialViewController.swift in Sources */,
				EAC85D5C19FA92BC006840A0 /* AppDelegate.swift in Sources */,
				EA2F1FAB19FAC671000C5685 /* EventViewController_Fetch.swift in Sources */,
				EAC85D8819FA93D6006840A0 /* HomeViewController.swift in Sources */,
				EAC85D9019FA9598006840A0 /* Data.xcdatamodeld in Sources */,
				EA2F1FA819FAC614000C5685 /* EventViewController_CRUD.swift in Sources */,
				EAC85D8D19FA945C006840A0 /* EventDetailViewController.swift in Sources */,
				EA6B0E1419FBE9C6006CC2F2 /* KidsViewController.swift in Sources */,
				EAC85D9219FA96E4006840A0 /* Event.swift in Sources */,
				EAC85D9719FAA78F006840A0 /* EventViewController_Context.swift in Sources */,
				EA6B0E1619FBEBB9006CC2F2 /* KidDetailViewController.swift in Sources */,
				EA2F1FAD19FAC72C000C5685 /* Header.swift in Sources */,
				EAC85D8B19FA9446006840A0 /* EventViewController.swift in Sources */,
				EA7D02B919FAAC9A005406E4 /* Date.swift in Sources */,
				EAC85D9419FA9DC8006840A0 /* EventCell.swift in Sources */,
				EA5DBD9A19FE9FA20085DC14 /* InstagramView.swift in Sources */,
			);
			runOnlyForDeploymentPostprocessing = 0;
		};
		EAC85D6919FA92BC006840A0 /* Sources */ = {
			isa = PBXSourcesBuildPhase;
			buildActionMask = 2147483647;
			files = (
				EAC85D7419FA92BC006840A0 /* DMatUFTests.swift in Sources */,
			);
			runOnlyForDeploymentPostprocessing = 0;
		};
/* End PBXSourcesBuildPhase section */

/* Begin PBXTargetDependency section */
		EAC85D6F19FA92BC006840A0 /* PBXTargetDependency */ = {
			isa = PBXTargetDependency;
			target = EAC85D5519FA92BC006840A0 /* DMatUF */;
			targetProxy = EAC85D6E19FA92BC006840A0 /* PBXContainerItemProxy */;
		};
/* End PBXTargetDependency section */

/* Begin PBXVariantGroup section */
		EAC85D6119FA92BC006840A0 /* Main.storyboard */ = {
			isa = PBXVariantGroup;
			children = (
				EAC85D6219FA92BC006840A0 /* Base */,
			);
			name = Main.storyboard;
			sourceTree = "<group>";
		};
		EAC85D6619FA92BC006840A0 /* LaunchScreen.xib */ = {
			isa = PBXVariantGroup;
			children = (
				EAC85D6719FA92BC006840A0 /* Base */,
			);
			name = LaunchScreen.xib;
			sourceTree = "<group>";
		};
/* End PBXVariantGroup section */

/* Begin XCBuildConfiguration section */
		EAC85D7519FA92BC006840A0 /* Debug */ = {
			isa = XCBuildConfiguration;
			buildSettings = {
				ALWAYS_SEARCH_USER_PATHS = NO;
				CLANG_CXX_LANGUAGE_STANDARD = "gnu++0x";
				CLANG_CXX_LIBRARY = "libc++";
				CLANG_ENABLE_MODULES = YES;
				CLANG_ENABLE_OBJC_ARC = YES;
				CLANG_WARN_BOOL_CONVERSION = YES;
				CLANG_WARN_CONSTANT_CONVERSION = YES;
				CLANG_WARN_DIRECT_OBJC_ISA_USAGE = YES_ERROR;
				CLANG_WARN_EMPTY_BODY = YES;
				CLANG_WARN_ENUM_CONVERSION = YES;
				CLANG_WARN_INT_CONVERSION = YES;
				CLANG_WARN_OBJC_ROOT_CLASS = YES_ERROR;
				CLANG_WARN_UNREACHABLE_CODE = YES;
				CLANG_WARN__DUPLICATE_METHOD_MATCH = YES;
				"CODE_SIGN_IDENTITY[sdk=iphoneos*]" = "iPhone Developer";
				COPY_PHASE_STRIP = NO;
				ENABLE_STRICT_OBJC_MSGSEND = YES;
				GCC_C_LANGUAGE_STANDARD = gnu99;
				GCC_DYNAMIC_NO_PIC = NO;
				GCC_OPTIMIZATION_LEVEL = 0;
				GCC_PREPROCESSOR_DEFINITIONS = (
					"DEBUG=1",
					"$(inherited)",
				);
				GCC_SYMBOLS_PRIVATE_EXTERN = NO;
				GCC_WARN_64_TO_32_BIT_CONVERSION = YES;
				GCC_WARN_ABOUT_RETURN_TYPE = YES_ERROR;
				GCC_WARN_UNDECLARED_SELECTOR = YES;
				GCC_WARN_UNINITIALIZED_AUTOS = YES_AGGRESSIVE;
				GCC_WARN_UNUSED_FUNCTION = YES;
				GCC_WARN_UNUSED_VARIABLE = YES;
				IPHONEOS_DEPLOYMENT_TARGET = 8.1;
				MTL_ENABLE_DEBUG_INFO = YES;
				ONLY_ACTIVE_ARCH = YES;
				SDKROOT = iphoneos;
				SWIFT_OPTIMIZATION_LEVEL = "-Onone";
				TARGETED_DEVICE_FAMILY = "1,2";
			};
			name = Debug;
		};
		EAC85D7619FA92BC006840A0 /* Release */ = {
			isa = XCBuildConfiguration;
			buildSettings = {
				ALWAYS_SEARCH_USER_PATHS = NO;
				CLANG_CXX_LANGUAGE_STANDARD = "gnu++0x";
				CLANG_CXX_LIBRARY = "libc++";
				CLANG_ENABLE_MODULES = YES;
				CLANG_ENABLE_OBJC_ARC = YES;
				CLANG_WARN_BOOL_CONVERSION = YES;
				CLANG_WARN_CONSTANT_CONVERSION = YES;
				CLANG_WARN_DIRECT_OBJC_ISA_USAGE = YES_ERROR;
				CLANG_WARN_EMPTY_BODY = YES;
				CLANG_WARN_ENUM_CONVERSION = YES;
				CLANG_WARN_INT_CONVERSION = YES;
				CLANG_WARN_OBJC_ROOT_CLASS = YES_ERROR;
				CLANG_WARN_UNREACHABLE_CODE = YES;
				CLANG_WARN__DUPLICATE_METHOD_MATCH = YES;
				"CODE_SIGN_IDENTITY[sdk=iphoneos*]" = "iPhone Developer";
				COPY_PHASE_STRIP = YES;
				ENABLE_NS_ASSERTIONS = NO;
				ENABLE_STRICT_OBJC_MSGSEND = YES;
				GCC_C_LANGUAGE_STANDARD = gnu99;
				GCC_WARN_64_TO_32_BIT_CONVERSION = YES;
				GCC_WARN_ABOUT_RETURN_TYPE = YES_ERROR;
				GCC_WARN_UNDECLARED_SELECTOR = YES;
				GCC_WARN_UNINITIALIZED_AUTOS = YES_AGGRESSIVE;
				GCC_WARN_UNUSED_FUNCTION = YES;
				GCC_WARN_UNUSED_VARIABLE = YES;
				IPHONEOS_DEPLOYMENT_TARGET = 8.1;
				MTL_ENABLE_DEBUG_INFO = NO;
				SDKROOT = iphoneos;
				TARGETED_DEVICE_FAMILY = "1,2";
				VALIDATE_PRODUCT = YES;
			};
			name = Release;
		};
		EAC85D7819FA92BC006840A0 /* Debug */ = {
			isa = XCBuildConfiguration;
			buildSettings = {
				ASSETCATALOG_COMPILER_APPICON_NAME = AppIcon;
				INFOPLIST_FILE = DMatUF/Info.plist;
				LD_RUNPATH_SEARCH_PATHS = "$(inherited) @executable_path/Frameworks";
				PRODUCT_NAME = "$(TARGET_NAME)";
			};
			name = Debug;
		};
		EAC85D7919FA92BC006840A0 /* Release */ = {
			isa = XCBuildConfiguration;
			buildSettings = {
				ASSETCATALOG_COMPILER_APPICON_NAME = AppIcon;
				INFOPLIST_FILE = DMatUF/Info.plist;
				LD_RUNPATH_SEARCH_PATHS = "$(inherited) @executable_path/Frameworks";
				PRODUCT_NAME = "$(TARGET_NAME)";
			};
			name = Release;
		};
		EAC85D7B19FA92BC006840A0 /* Debug */ = {
			isa = XCBuildConfiguration;
			buildSettings = {
				BUNDLE_LOADER = "$(TEST_HOST)";
				FRAMEWORK_SEARCH_PATHS = (
					"$(SDKROOT)/Developer/Library/Frameworks",
					"$(inherited)",
				);
				GCC_PREPROCESSOR_DEFINITIONS = (
					"DEBUG=1",
					"$(inherited)",
				);
				INFOPLIST_FILE = DMatUFTests/Info.plist;
				LD_RUNPATH_SEARCH_PATHS = "$(inherited) @executable_path/Frameworks @loader_path/Frameworks";
				PRODUCT_NAME = "$(TARGET_NAME)";
				TEST_HOST = "$(BUILT_PRODUCTS_DIR)/DMatUF.app/DMatUF";
			};
			name = Debug;
		};
		EAC85D7C19FA92BC006840A0 /* Release */ = {
			isa = XCBuildConfiguration;
			buildSettings = {
				BUNDLE_LOADER = "$(TEST_HOST)";
				FRAMEWORK_SEARCH_PATHS = (
					"$(SDKROOT)/Developer/Library/Frameworks",
					"$(inherited)",
				);
				INFOPLIST_FILE = DMatUFTests/Info.plist;
				LD_RUNPATH_SEARCH_PATHS = "$(inherited) @executable_path/Frameworks @loader_path/Frameworks";
				PRODUCT_NAME = "$(TARGET_NAME)";
				TEST_HOST = "$(BUILT_PRODUCTS_DIR)/DMatUF.app/DMatUF";
			};
			name = Release;
		};
/* End XCBuildConfiguration section */

/* Begin XCConfigurationList section */
		EAC85D5119FA92BC006840A0 /* Build configuration list for PBXProject "DMatUF" */ = {
			isa = XCConfigurationList;
			buildConfigurations = (
				EAC85D7519FA92BC006840A0 /* Debug */,
				EAC85D7619FA92BC006840A0 /* Release */,
			);
			defaultConfigurationIsVisible = 0;
			defaultConfigurationName = Release;
		};
		EAC85D7719FA92BC006840A0 /* Build configuration list for PBXNativeTarget "DMatUF" */ = {
			isa = XCConfigurationList;
			buildConfigurations = (
				EAC85D7819FA92BC006840A0 /* Debug */,
				EAC85D7919FA92BC006840A0 /* Release */,
			);
			defaultConfigurationIsVisible = 0;
			defaultConfigurationName = Release;
		};
		EAC85D7A19FA92BC006840A0 /* Build configuration list for PBXNativeTarget "DMatUFTests" */ = {
			isa = XCConfigurationList;
			buildConfigurations = (
				EAC85D7B19FA92BC006840A0 /* Debug */,
				EAC85D7C19FA92BC006840A0 /* Release */,
			);
			defaultConfigurationIsVisible = 0;
			defaultConfigurationName = Release;
		};
/* End XCConfigurationList section */

/* Begin XCVersionGroup section */
		EAC85D8E19FA9598006840A0 /* Data.xcdatamodeld */ = {
			isa = XCVersionGroup;
			children = (
				EAC85D8F19FA9598006840A0 /* Data.xcdatamodel */,
			);
			currentVersion = EAC85D8F19FA9598006840A0 /* Data.xcdatamodel */;
			path = Data.xcdatamodeld;
			sourceTree = "<group>";
			versionGroupType = wrapper.xcdatamodel;
		};
/* End XCVersionGroup section */
	};
	rootObject = EAC85D4E19FA92BC006840A0 /* Project object */;
}
